// !$*UTF8*$!
{
	archiveVersion = 1;
	classes = {
	};
	objectVersion = 46;
	objects = {

/* Begin PBXBuildFile section */
		1397E1ED1DA293C000B61905 /* main.m in Sources */ = {isa = PBXBuildFile; fileRef = 1397E1EC1DA293C000B61905 /* main.m */; };
		1397E1F01DA293C000B61905 /* AppDelegate.m in Sources */ = {isa = PBXBuildFile; fileRef = 1397E1EF1DA293C000B61905 /* AppDelegate.m */; };
		1397E1F31DA293C000B61905 /* ViewController.m in Sources */ = {isa = PBXBuildFile; fileRef = 1397E1F21DA293C000B61905 /* ViewController.m */; };
		1397E1F61DA293C000B61905 /* Main.storyboard in Resources */ = {isa = PBXBuildFile; fileRef = 1397E1F41DA293C000B61905 /* Main.storyboard */; };
		1397E1F81DA293C000B61905 /* Assets.xcassets in Resources */ = {isa = PBXBuildFile; fileRef = 1397E1F71DA293C000B61905 /* Assets.xcassets */; };
		1397E1FB1DA293C000B61905 /* LaunchScreen.storyboard in Resources */ = {isa = PBXBuildFile; fileRef = 1397E1F91DA293C000B61905 /* LaunchScreen.storyboard */; };
		13E017B41DA2A73600685A38 /* CSBaseTableViewCell.m in Sources */ = {isa = PBXBuildFile; fileRef = 13E016E41DA2A73600685A38 /* CSBaseTableViewCell.m */; };
		13E017B51DA2A73600685A38 /* CSMyImageMessageTableViewCell.m in Sources */ = {isa = PBXBuildFile; fileRef = 13E016E81DA2A73600685A38 /* CSMyImageMessageTableViewCell.m */; };
		13E017B61DA2A73600685A38 /* CSMyImageMessageTableViewCell.xib in Resources */ = {isa = PBXBuildFile; fileRef = 13E016E91DA2A73600685A38 /* CSMyImageMessageTableViewCell.xib */; };
		13E017B71DA2A73600685A38 /* CSMyMediaMessageTableViewCell.m in Sources */ = {isa = PBXBuildFile; fileRef = 13E016EC1DA2A73600685A38 /* CSMyMediaMessageTableViewCell.m */; };
		13E017B81DA2A73600685A38 /* CSMyMediaMessageTableViewCell.xib in Resources */ = {isa = PBXBuildFile; fileRef = 13E016ED1DA2A73600685A38 /* CSMyMediaMessageTableViewCell.xib */; };
		13E017B91DA2A73600685A38 /* CSMyStickerMessageCell.m in Sources */ = {isa = PBXBuildFile; fileRef = 13E016F01DA2A73600685A38 /* CSMyStickerMessageCell.m */; };
		13E017BA1DA2A73600685A38 /* CSMyStickerMessageCell.xib in Resources */ = {isa = PBXBuildFile; fileRef = 13E016F11DA2A73600685A38 /* CSMyStickerMessageCell.xib */; };
		13E017BB1DA2A73600685A38 /* CSMyTextMessageTableViewCell.m in Sources */ = {isa = PBXBuildFile; fileRef = 13E016F41DA2A73600685A38 /* CSMyTextMessageTableViewCell.m */; };
		13E017BC1DA2A73600685A38 /* CSMyTextMessageTableViewCell.xib in Resources */ = {isa = PBXBuildFile; fileRef = 13E016F51DA2A73600685A38 /* CSMyTextMessageTableViewCell.xib */; };
		13E017BD1DA2A73600685A38 /* CSSeenByTableViewCell.m in Sources */ = {isa = PBXBuildFile; fileRef = 13E016F81DA2A73600685A38 /* CSSeenByTableViewCell.m */; };
		13E017BE1DA2A73600685A38 /* CSSeenByTableViewCell.xib in Resources */ = {isa = PBXBuildFile; fileRef = 13E016F91DA2A73600685A38 /* CSSeenByTableViewCell.xib */; };
		13E017BF1DA2A73600685A38 /* CSStickerCategoryCollectionViewCell.m in Sources */ = {isa = PBXBuildFile; fileRef = 13E016FC1DA2A73600685A38 /* CSStickerCategoryCollectionViewCell.m */; };
		13E017C01DA2A73600685A38 /* CSStickerCategoryCollectionViewCell.xib in Resources */ = {isa = PBXBuildFile; fileRef = 13E016FD1DA2A73600685A38 /* CSStickerCategoryCollectionViewCell.xib */; };
		13E017C11DA2A73600685A38 /* CSStickerCollectionViewCell.m in Sources */ = {isa = PBXBuildFile; fileRef = 13E016FF1DA2A73600685A38 /* CSStickerCollectionViewCell.m */; };
		13E017C21DA2A73600685A38 /* CSStickerCollectionViewCell.xib in Resources */ = {isa = PBXBuildFile; fileRef = 13E017001DA2A73600685A38 /* CSStickerCollectionViewCell.xib */; };
		13E017C31DA2A73600685A38 /* CSStickerPageCollectionViewCell.m in Sources */ = {isa = PBXBuildFile; fileRef = 13E017021DA2A73600685A38 /* CSStickerPageCollectionViewCell.m */; };
		13E017C41DA2A73600685A38 /* CSStickerPageCollectionViewCell.xib in Resources */ = {isa = PBXBuildFile; fileRef = 13E017031DA2A73600685A38 /* CSStickerPageCollectionViewCell.xib */; };
		13E017C51DA2A73600685A38 /* CSUserInfoTableViewCell.m in Sources */ = {isa = PBXBuildFile; fileRef = 13E017061DA2A73600685A38 /* CSUserInfoTableViewCell.m */; };
		13E017C61DA2A73600685A38 /* CSUserInfoTableViewCell.xib in Resources */ = {isa = PBXBuildFile; fileRef = 13E017071DA2A73600685A38 /* CSUserInfoTableViewCell.xib */; };
		13E017C71DA2A73600685A38 /* CSUsersTableViewCell.m in Sources */ = {isa = PBXBuildFile; fileRef = 13E0170A1DA2A73600685A38 /* CSUsersTableViewCell.m */; };
		13E017C81DA2A73600685A38 /* CSUsersTableViewCell.xib in Resources */ = {isa = PBXBuildFile; fileRef = 13E0170B1DA2A73600685A38 /* CSUsersTableViewCell.xib */; };
		13E017C91DA2A73600685A38 /* CSYourImageMessageTableViewCell.m in Sources */ = {isa = PBXBuildFile; fileRef = 13E0170E1DA2A73600685A38 /* CSYourImageMessageTableViewCell.m */; };
		13E017CA1DA2A73600685A38 /* CSYourImageMessageTableViewCell.xib in Resources */ = {isa = PBXBuildFile; fileRef = 13E0170F1DA2A73600685A38 /* CSYourImageMessageTableViewCell.xib */; };
		13E017CB1DA2A73600685A38 /* CSYourMediaMessageTableViewCell.m in Sources */ = {isa = PBXBuildFile; fileRef = 13E017121DA2A73600685A38 /* CSYourMediaMessageTableViewCell.m */; };
		13E017CC1DA2A73600685A38 /* CSYourMediaMessageTableViewCell.xib in Resources */ = {isa = PBXBuildFile; fileRef = 13E017131DA2A73600685A38 /* CSYourMediaMessageTableViewCell.xib */; };
		13E017CD1DA2A73600685A38 /* CSYourStickerMessageCell.m in Sources */ = {isa = PBXBuildFile; fileRef = 13E017161DA2A73600685A38 /* CSYourStickerMessageCell.m */; };
		13E017CE1DA2A73600685A38 /* CSYourStickerMessageCell.xib in Resources */ = {isa = PBXBuildFile; fileRef = 13E017171DA2A73600685A38 /* CSYourStickerMessageCell.xib */; };
		13E017CF1DA2A73600685A38 /* CSYourTextMessageTableViewCell.m in Sources */ = {isa = PBXBuildFile; fileRef = 13E0171A1DA2A73600685A38 /* CSYourTextMessageTableViewCell.m */; };
		13E017D01DA2A73600685A38 /* CSYourTextMessageTableViewCell.xib in Resources */ = {isa = PBXBuildFile; fileRef = 13E0171B1DA2A73600685A38 /* CSYourTextMessageTableViewCell.xib */; };
		13E017D11DA2A73600685A38 /* Images.xcassets in Resources */ = {isa = PBXBuildFile; fileRef = 13E0171C1DA2A73600685A38 /* Images.xcassets */; };
		13E017D21DA2A73600685A38 /* JSONValueTransformer+CustomTransformer.m in Sources */ = {isa = PBXBuildFile; fileRef = 13E0171F1DA2A73600685A38 /* JSONValueTransformer+CustomTransformer.m */; };
		13E017D31DA2A73600685A38 /* CSFileDetailsModel.m in Sources */ = {isa = PBXBuildFile; fileRef = 13E017221DA2A73600685A38 /* CSFileDetailsModel.m */; };
		13E017D41DA2A73600685A38 /* CSFileModel.m in Sources */ = {isa = PBXBuildFile; fileRef = 13E017241DA2A73600685A38 /* CSFileModel.m */; };
		13E017D51DA2A73600685A38 /* CSGetMessages.m in Sources */ = {isa = PBXBuildFile; fileRef = 13E017261DA2A73600685A38 /* CSGetMessages.m */; };
		13E017D61DA2A73600685A38 /* CSLocationModel.m in Sources */ = {isa = PBXBuildFile; fileRef = 13E017281DA2A73600685A38 /* CSLocationModel.m */; };
		13E017D71DA2A73600685A38 /* CSLoginResult.m in Sources */ = {isa = PBXBuildFile; fileRef = 13E0172A1DA2A73600685A38 /* CSLoginResult.m */; };
		13E017D81DA2A73600685A38 /* CSMessageModel.m in Sources */ = {isa = PBXBuildFile; fileRef = 13E0172C1DA2A73600685A38 /* CSMessageModel.m */; };
		13E017D91DA2A73600685A38 /* CSModel.m in Sources */ = {isa = PBXBuildFile; fileRef = 13E0172E1DA2A73600685A38 /* CSModel.m */; };
		13E017DA1DA2A73600685A38 /* CSResponseModel.m in Sources */ = {isa = PBXBuildFile; fileRef = 13E017301DA2A73600685A38 /* CSResponseModel.m */; };
		13E017DB1DA2A73600685A38 /* CSSeenByModel.m in Sources */ = {isa = PBXBuildFile; fileRef = 13E017321DA2A73600685A38 /* CSSeenByModel.m */; };
		13E017DC1DA2A73600685A38 /* CSStickerListModel.m in Sources */ = {isa = PBXBuildFile; fileRef = 13E017341DA2A73600685A38 /* CSStickerListModel.m */; };
		13E017DD1DA2A73600685A38 /* CSStickerModel.m in Sources */ = {isa = PBXBuildFile; fileRef = 13E017361DA2A73600685A38 /* CSStickerModel.m */; };
		13E017DE1DA2A73600685A38 /* CSStickerPageModel.m in Sources */ = {isa = PBXBuildFile; fileRef = 13E017381DA2A73600685A38 /* CSStickerPageModel.m */; };
		13E017DF1DA2A73600685A38 /* CSTypingModel.m in Sources */ = {isa = PBXBuildFile; fileRef = 13E0173A1DA2A73600685A38 /* CSTypingModel.m */; };
		13E017E01DA2A73600685A38 /* CSUserModel.m in Sources */ = {isa = PBXBuildFile; fileRef = 13E0173C1DA2A73600685A38 /* CSUserModel.m */; };
		13E017E11DA2A73600685A38 /* CSChatErrorCodes.strings in Resources */ = {isa = PBXBuildFile; fileRef = 13E0173E1DA2A73600685A38 /* CSChatErrorCodes.strings */; };
		13E017E21DA2A73600685A38 /* CSChatLocalization.strings in Resources */ = {isa = PBXBuildFile; fileRef = 13E017401DA2A73600685A38 /* CSChatLocalization.strings */; };
		13E017E31DA2A73600685A38 /* CSApiManager.m in Sources */ = {isa = PBXBuildFile; fileRef = 13E017461DA2A73600685A38 /* CSApiManager.m */; };
		13E017E41DA2A73600685A38 /* CSAvatarLoader.m in Sources */ = {isa = PBXBuildFile; fileRef = 13E017481DA2A73600685A38 /* CSAvatarLoader.m */; };
		13E017E51DA2A73600685A38 /* CSChatErrorCodes.m in Sources */ = {isa = PBXBuildFile; fileRef = 13E0174A1DA2A73600685A38 /* CSChatErrorCodes.m */; };
		13E017E61DA2A73600685A38 /* CSCustomConfig.m in Sources */ = {isa = PBXBuildFile; fileRef = 13E0174D1DA2A73600685A38 /* CSCustomConfig.m */; };
		13E017E71DA2A73600685A38 /* CSDownloadManager.m in Sources */ = {isa = PBXBuildFile; fileRef = 13E0174F1DA2A73600685A38 /* CSDownloadManager.m */; };
		13E017E81DA2A73600685A38 /* CSEmitJsonCreator.m in Sources */ = {isa = PBXBuildFile; fileRef = 13E017511DA2A73600685A38 /* CSEmitJsonCreator.m */; };
		13E017E91DA2A73600685A38 /* CSSocketController.m in Sources */ = {isa = PBXBuildFile; fileRef = 13E017531DA2A73600685A38 /* CSSocketController.m */; };
		13E017EA1DA2A73600685A38 /* CSUploadManager.m in Sources */ = {isa = PBXBuildFile; fileRef = 13E017551DA2A73600685A38 /* CSUploadManager.m */; };
		13E017EB1DA2A73700685A38 /* CSUtils.m in Sources */ = {isa = PBXBuildFile; fileRef = 13E017571DA2A73600685A38 /* CSUtils.m */; };
		13E017EC1DA2A73700685A38 /* CSChatViewController.m in Sources */ = {isa = PBXBuildFile; fileRef = 13E0175B1DA2A73600685A38 /* CSChatViewController.m */; };
		13E017ED1DA2A73700685A38 /* CSChatViewController.xib in Resources */ = {isa = PBXBuildFile; fileRef = 13E0175C1DA2A73600685A38 /* CSChatViewController.xib */; };
		13E017EE1DA2A73700685A38 /* CSBaseViewController.m in Sources */ = {isa = PBXBuildFile; fileRef = 13E0175E1DA2A73600685A38 /* CSBaseViewController.m */; };
		13E017EF1DA2A73700685A38 /* CSDisplayMap.m in Sources */ = {isa = PBXBuildFile; fileRef = 13E017611DA2A73600685A38 /* CSDisplayMap.m */; };
		13E017F01DA2A73700685A38 /* CSMapViewController.m in Sources */ = {isa = PBXBuildFile; fileRef = 13E017631DA2A73600685A38 /* CSMapViewController.m */; };
		13E017F11DA2A73700685A38 /* CSMapViewController.xib in Resources */ = {isa = PBXBuildFile; fileRef = 13E017641DA2A73600685A38 /* CSMapViewController.xib */; };
		13E017F21DA2A73700685A38 /* CSMessageInfoViewController.m in Sources */ = {isa = PBXBuildFile; fileRef = 13E017671DA2A73600685A38 /* CSMessageInfoViewController.m */; };
		13E017F31DA2A73700685A38 /* CSMessageInfoViewController.xib in Resources */ = {isa = PBXBuildFile; fileRef = 13E017681DA2A73600685A38 /* CSMessageInfoViewController.xib */; };
		13E017F41DA2A73700685A38 /* CSRecordAudioViewController.m in Sources */ = {isa = PBXBuildFile; fileRef = 13E0176B1DA2A73600685A38 /* CSRecordAudioViewController.m */; };
		13E017F51DA2A73700685A38 /* CSRecordAudioViewController.xib in Resources */ = {isa = PBXBuildFile; fileRef = 13E0176C1DA2A73600685A38 /* CSRecordAudioViewController.xib */; };
		13E017F61DA2A73700685A38 /* CSUploadImagePreviewViewController.m in Sources */ = {isa = PBXBuildFile; fileRef = 13E0176F1DA2A73600685A38 /* CSUploadImagePreviewViewController.m */; };
		13E017F71DA2A73700685A38 /* CSUploadImagePreviewViewController.xib in Resources */ = {isa = PBXBuildFile; fileRef = 13E017701DA2A73600685A38 /* CSUploadImagePreviewViewController.xib */; };
		13E017F81DA2A73700685A38 /* CSUploadVideoPreviewViewController.m in Sources */ = {isa = PBXBuildFile; fileRef = 13E017731DA2A73600685A38 /* CSUploadVideoPreviewViewController.m */; };
		13E017F91DA2A73700685A38 /* CSUploadVideoPreviewViewController.xib in Resources */ = {isa = PBXBuildFile; fileRef = 13E017741DA2A73600685A38 /* CSUploadVideoPreviewViewController.xib */; };
		13E017FA1DA2A73700685A38 /* CSUsersViewController.m in Sources */ = {isa = PBXBuildFile; fileRef = 13E017771DA2A73600685A38 /* CSUsersViewController.m */; };
		13E017FB1DA2A73700685A38 /* CSUsersViewController.xib in Resources */ = {isa = PBXBuildFile; fileRef = 13E017781DA2A73600685A38 /* CSUsersViewController.xib */; };
		13E017FC1DA2A73700685A38 /* SE2AudioPlayerView.m in Sources */ = {isa = PBXBuildFile; fileRef = 13E0177C1DA2A73600685A38 /* SE2AudioPlayerView.m */; };
		13E017FD1DA2A73700685A38 /* SE2AudioPlayerView.xib in Resources */ = {isa = PBXBuildFile; fileRef = 13E0177D1DA2A73600685A38 /* SE2AudioPlayerView.xib */; };
		13E017FE1DA2A73700685A38 /* CSAudioPreviewView.m in Sources */ = {isa = PBXBuildFile; fileRef = 13E017801DA2A73600685A38 /* CSAudioPreviewView.m */; };
		13E017FF1DA2A73700685A38 /* CSAudioPreviewView.xib in Resources */ = {isa = PBXBuildFile; fileRef = 13E017811DA2A73600685A38 /* CSAudioPreviewView.xib */; };
		13E018001DA2A73700685A38 /* CSAvatarView.m in Sources */ = {isa = PBXBuildFile; fileRef = 13E017841DA2A73600685A38 /* CSAvatarView.m */; };
		13E018011DA2A73700685A38 /* CSAvatarView.xib in Resources */ = {isa = PBXBuildFile; fileRef = 13E017851DA2A73600685A38 /* CSAvatarView.xib */; };
		13E018021DA2A73700685A38 /* CSBasePreviewView.m in Sources */ = {isa = PBXBuildFile; fileRef = 13E017881DA2A73600685A38 /* CSBasePreviewView.m */; };
		13E018031DA2A73700685A38 /* CSChatSettingsView.m in Sources */ = {isa = PBXBuildFile; fileRef = 13E0178C1DA2A73600685A38 /* CSChatSettingsView.m */; };
		13E018041DA2A73700685A38 /* CSChatSettingsView.xib in Resources */ = {isa = PBXBuildFile; fileRef = 13E0178D1DA2A73600685A38 /* CSChatSettingsView.xib */; };
		13E018051DA2A73700685A38 /* CSCustomView.m in Sources */ = {isa = PBXBuildFile; fileRef = 13E017901DA2A73600685A38 /* CSCustomView.m */; };
		13E018061DA2A73700685A38 /* CSImagePreviewView.m in Sources */ = {isa = PBXBuildFile; fileRef = 13E017931DA2A73600685A38 /* CSImagePreviewView.m */; };
		13E018071DA2A73700685A38 /* CSImagePreviewView.xib in Resources */ = {isa = PBXBuildFile; fileRef = 13E017941DA2A73600685A38 /* CSImagePreviewView.xib */; };
		13E018081DA2A73700685A38 /* CSMenuView.m in Sources */ = {isa = PBXBuildFile; fileRef = 13E017971DA2A73600685A38 /* CSMenuView.m */; };
		13E018091DA2A73700685A38 /* CSMenuView.xib in Resources */ = {isa = PBXBuildFile; fileRef = 13E017981DA2A73600685A38 /* CSMenuView.xib */; };
		13E0180A1DA2A73700685A38 /* CSNotificationOverlayQueue.m in Sources */ = {isa = PBXBuildFile; fileRef = 13E0179C1DA2A73600685A38 /* CSNotificationOverlayQueue.m */; };
		13E0180B1DA2A73700685A38 /* CSNotificationOverlayView.m in Sources */ = {isa = PBXBuildFile; fileRef = 13E0179E1DA2A73600685A38 /* CSNotificationOverlayView.m */; };
		13E0180C1DA2A73700685A38 /* CSNotificationOverlayView.xib in Resources */ = {isa = PBXBuildFile; fileRef = 13E0179F1DA2A73600685A38 /* CSNotificationOverlayView.xib */; };
		13E0180D1DA2A73700685A38 /* CSProgressLoadingView.m in Sources */ = {isa = PBXBuildFile; fileRef = 13E017A21DA2A73600685A38 /* CSProgressLoadingView.m */; };
		13E0180E1DA2A73700685A38 /* CSProgressLoadingView.xib in Resources */ = {isa = PBXBuildFile; fileRef = 13E017A31DA2A73600685A38 /* CSProgressLoadingView.xib */; };
		13E0180F1DA2A73700685A38 /* CSProgressUploadingView.m in Sources */ = {isa = PBXBuildFile; fileRef = 13E017A61DA2A73600685A38 /* CSProgressUploadingView.m */; };
		13E018101DA2A73700685A38 /* CSProgressUploadingView.xib in Resources */ = {isa = PBXBuildFile; fileRef = 13E017A71DA2A73600685A38 /* CSProgressUploadingView.xib */; };
		13E018111DA2A73700685A38 /* CSStickerView.m in Sources */ = {isa = PBXBuildFile; fileRef = 13E017AB1DA2A73600685A38 /* CSStickerView.m */; };
		13E018121DA2A73700685A38 /* CSStickerView.xib in Resources */ = {isa = PBXBuildFile; fileRef = 13E017AC1DA2A73600685A38 /* CSStickerView.xib */; };
		13E018131DA2A73700685A38 /* CSTitleView.m in Sources */ = {isa = PBXBuildFile; fileRef = 13E017AF1DA2A73600685A38 /* CSTitleView.m */; };
		13E018141DA2A73700685A38 /* CSVideoPreviewView.m in Sources */ = {isa = PBXBuildFile; fileRef = 13E017B21DA2A73600685A38 /* CSVideoPreviewView.m */; };
		13E018151DA2A73700685A38 /* CSVideoPreviewView.xib in Resources */ = {isa = PBXBuildFile; fileRef = 13E017B31DA2A73600685A38 /* CSVideoPreviewView.xib */; };
		DF22F3CA7EAA40DDEB4CFE40 /* libPods-StreetChat.a in Frameworks */ = {isa = PBXBuildFile; fileRef = EFCBB65BD06F1EC50442AD9E /* libPods-StreetChat.a */; };
/* End PBXBuildFile section */

/* Begin PBXFileReference section */
		1397E1E81DA293C000B61905 /* StreetChat.app */ = {isa = PBXFileReference; explicitFileType = wrapper.application; includeInIndex = 0; path = StreetChat.app; sourceTree = BUILT_PRODUCTS_DIR; };
		1397E1EC1DA293C000B61905 /* main.m */ = {isa = PBXFileReference; lastKnownFileType = sourcecode.c.objc; path = main.m; sourceTree = "<group>"; };
		1397E1EE1DA293C000B61905 /* AppDelegate.h */ = {isa = PBXFileReference; lastKnownFileType = sourcecode.c.h; path = AppDelegate.h; sourceTree = "<group>"; };
		1397E1EF1DA293C000B61905 /* AppDelegate.m */ = {isa = PBXFileReference; lastKnownFileType = sourcecode.c.objc; path = AppDelegate.m; sourceTree = "<group>"; };
		1397E1F11DA293C000B61905 /* ViewController.h */ = {isa = PBXFileReference; lastKnownFileType = sourcecode.c.h; path = ViewController.h; sourceTree = "<group>"; };
		1397E1F21DA293C000B61905 /* ViewController.m */ = {isa = PBXFileReference; lastKnownFileType = sourcecode.c.objc; path = ViewController.m; sourceTree = "<group>"; };
		1397E1F51DA293C000B61905 /* Base */ = {isa = PBXFileReference; lastKnownFileType = file.storyboard; name = Base; path = Base.lproj/Main.storyboard; sourceTree = "<group>"; };
		1397E1F71DA293C000B61905 /* Assets.xcassets */ = {isa = PBXFileReference; lastKnownFileType = folder.assetcatalog; path = Assets.xcassets; sourceTree = "<group>"; };
		1397E1FA1DA293C000B61905 /* Base */ = {isa = PBXFileReference; lastKnownFileType = file.storyboard; name = Base; path = Base.lproj/LaunchScreen.storyboard; sourceTree = "<group>"; };
		1397E1FC1DA293C000B61905 /* Info.plist */ = {isa = PBXFileReference; lastKnownFileType = text.plist.xml; path = Info.plist; sourceTree = "<group>"; };
		13E016E31DA2A73600685A38 /* CSBaseTableViewCell.h */ = {isa = PBXFileReference; fileEncoding = 4; lastKnownFileType = sourcecode.c.h; path = CSBaseTableViewCell.h; sourceTree = "<group>"; };
		13E016E41DA2A73600685A38 /* CSBaseTableViewCell.m */ = {isa = PBXFileReference; fileEncoding = 4; lastKnownFileType = sourcecode.c.objc; path = CSBaseTableViewCell.m; sourceTree = "<group>"; };
		13E016E51DA2A73600685A38 /* CSCellClickedDelegate.h */ = {isa = PBXFileReference; fileEncoding = 4; lastKnownFileType = sourcecode.c.h; path = CSCellClickedDelegate.h; sourceTree = "<group>"; };
		13E016E71DA2A73600685A38 /* CSMyImageMessageTableViewCell.h */ = {isa = PBXFileReference; fileEncoding = 4; lastKnownFileType = sourcecode.c.h; path = CSMyImageMessageTableViewCell.h; sourceTree = "<group>"; };
		13E016E81DA2A73600685A38 /* CSMyImageMessageTableViewCell.m */ = {isa = PBXFileReference; fileEncoding = 4; lastKnownFileType = sourcecode.c.objc; path = CSMyImageMessageTableViewCell.m; sourceTree = "<group>"; };
		13E016E91DA2A73600685A38 /* CSMyImageMessageTableViewCell.xib */ = {isa = PBXFileReference; fileEncoding = 4; lastKnownFileType = file.xib; path = CSMyImageMessageTableViewCell.xib; sourceTree = "<group>"; };
		13E016EB1DA2A73600685A38 /* CSMyMediaMessageTableViewCell.h */ = {isa = PBXFileReference; fileEncoding = 4; lastKnownFileType = sourcecode.c.h; path = CSMyMediaMessageTableViewCell.h; sourceTree = "<group>"; };
		13E016EC1DA2A73600685A38 /* CSMyMediaMessageTableViewCell.m */ = {isa = PBXFileReference; fileEncoding = 4; lastKnownFileType = sourcecode.c.objc; path = CSMyMediaMessageTableViewCell.m; sourceTree = "<group>"; };
		13E016ED1DA2A73600685A38 /* CSMyMediaMessageTableViewCell.xib */ = {isa = PBXFileReference; fileEncoding = 4; lastKnownFileType = file.xib; path = CSMyMediaMessageTableViewCell.xib; sourceTree = "<group>"; };
		13E016EF1DA2A73600685A38 /* CSMyStickerMessageCell.h */ = {isa = PBXFileReference; fileEncoding = 4; lastKnownFileType = sourcecode.c.h; path = CSMyStickerMessageCell.h; sourceTree = "<group>"; };
		13E016F01DA2A73600685A38 /* CSMyStickerMessageCell.m */ = {isa = PBXFileReference; fileEncoding = 4; lastKnownFileType = sourcecode.c.objc; path = CSMyStickerMessageCell.m; sourceTree = "<group>"; };
		13E016F11DA2A73600685A38 /* CSMyStickerMessageCell.xib */ = {isa = PBXFileReference; fileEncoding = 4; lastKnownFileType = file.xib; path = CSMyStickerMessageCell.xib; sourceTree = "<group>"; };
		13E016F31DA2A73600685A38 /* CSMyTextMessageTableViewCell.h */ = {isa = PBXFileReference; fileEncoding = 4; lastKnownFileType = sourcecode.c.h; path = CSMyTextMessageTableViewCell.h; sourceTree = "<group>"; };
		13E016F41DA2A73600685A38 /* CSMyTextMessageTableViewCell.m */ = {isa = PBXFileReference; fileEncoding = 4; lastKnownFileType = sourcecode.c.objc; path = CSMyTextMessageTableViewCell.m; sourceTree = "<group>"; };
		13E016F51DA2A73600685A38 /* CSMyTextMessageTableViewCell.xib */ = {isa = PBXFileReference; fileEncoding = 4; lastKnownFileType = file.xib; path = CSMyTextMessageTableViewCell.xib; sourceTree = "<group>"; };
		13E016F71DA2A73600685A38 /* CSSeenByTableViewCell.h */ = {isa = PBXFileReference; fileEncoding = 4; lastKnownFileType = sourcecode.c.h; path = CSSeenByTableViewCell.h; sourceTree = "<group>"; };
		13E016F81DA2A73600685A38 /* CSSeenByTableViewCell.m */ = {isa = PBXFileReference; fileEncoding = 4; lastKnownFileType = sourcecode.c.objc; path = CSSeenByTableViewCell.m; sourceTree = "<group>"; };
		13E016F91DA2A73600685A38 /* CSSeenByTableViewCell.xib */ = {isa = PBXFileReference; fileEncoding = 4; lastKnownFileType = file.xib; path = CSSeenByTableViewCell.xib; sourceTree = "<group>"; };
		13E016FB1DA2A73600685A38 /* CSStickerCategoryCollectionViewCell.h */ = {isa = PBXFileReference; fileEncoding = 4; lastKnownFileType = sourcecode.c.h; path = CSStickerCategoryCollectionViewCell.h; sourceTree = "<group>"; };
		13E016FC1DA2A73600685A38 /* CSStickerCategoryCollectionViewCell.m */ = {isa = PBXFileReference; fileEncoding = 4; lastKnownFileType = sourcecode.c.objc; path = CSStickerCategoryCollectionViewCell.m; sourceTree = "<group>"; };
		13E016FD1DA2A73600685A38 /* CSStickerCategoryCollectionViewCell.xib */ = {isa = PBXFileReference; fileEncoding = 4; lastKnownFileType = file.xib; path = CSStickerCategoryCollectionViewCell.xib; sourceTree = "<group>"; };
		13E016FE1DA2A73600685A38 /* CSStickerCollectionViewCell.h */ = {isa = PBXFileReference; fileEncoding = 4; lastKnownFileType = sourcecode.c.h; path = CSStickerCollectionViewCell.h; sourceTree = "<group>"; };
		13E016FF1DA2A73600685A38 /* CSStickerCollectionViewCell.m */ = {isa = PBXFileReference; fileEncoding = 4; lastKnownFileType = sourcecode.c.objc; path = CSStickerCollectionViewCell.m; sourceTree = "<group>"; };
		13E017001DA2A73600685A38 /* CSStickerCollectionViewCell.xib */ = {isa = PBXFileReference; fileEncoding = 4; lastKnownFileType = file.xib; path = CSStickerCollectionViewCell.xib; sourceTree = "<group>"; };
		13E017011DA2A73600685A38 /* CSStickerPageCollectionViewCell.h */ = {isa = PBXFileReference; fileEncoding = 4; lastKnownFileType = sourcecode.c.h; path = CSStickerPageCollectionViewCell.h; sourceTree = "<group>"; };
		13E017021DA2A73600685A38 /* CSStickerPageCollectionViewCell.m */ = {isa = PBXFileReference; fileEncoding = 4; lastKnownFileType = sourcecode.c.objc; path = CSStickerPageCollectionViewCell.m; sourceTree = "<group>"; };
		13E017031DA2A73600685A38 /* CSStickerPageCollectionViewCell.xib */ = {isa = PBXFileReference; fileEncoding = 4; lastKnownFileType = file.xib; path = CSStickerPageCollectionViewCell.xib; sourceTree = "<group>"; };
		13E017051DA2A73600685A38 /* CSUserInfoTableViewCell.h */ = {isa = PBXFileReference; fileEncoding = 4; lastKnownFileType = sourcecode.c.h; path = CSUserInfoTableViewCell.h; sourceTree = "<group>"; };
		13E017061DA2A73600685A38 /* CSUserInfoTableViewCell.m */ = {isa = PBXFileReference; fileEncoding = 4; lastKnownFileType = sourcecode.c.objc; path = CSUserInfoTableViewCell.m; sourceTree = "<group>"; };
		13E017071DA2A73600685A38 /* CSUserInfoTableViewCell.xib */ = {isa = PBXFileReference; fileEncoding = 4; lastKnownFileType = file.xib; path = CSUserInfoTableViewCell.xib; sourceTree = "<group>"; };
		13E017091DA2A73600685A38 /* CSUsersTableViewCell.h */ = {isa = PBXFileReference; fileEncoding = 4; lastKnownFileType = sourcecode.c.h; path = CSUsersTableViewCell.h; sourceTree = "<group>"; };
		13E0170A1DA2A73600685A38 /* CSUsersTableViewCell.m */ = {isa = PBXFileReference; fileEncoding = 4; lastKnownFileType = sourcecode.c.objc; path = CSUsersTableViewCell.m; sourceTree = "<group>"; };
		13E0170B1DA2A73600685A38 /* CSUsersTableViewCell.xib */ = {isa = PBXFileReference; fileEncoding = 4; lastKnownFileType = file.xib; path = CSUsersTableViewCell.xib; sourceTree = "<group>"; };
		13E0170D1DA2A73600685A38 /* CSYourImageMessageTableViewCell.h */ = {isa = PBXFileReference; fileEncoding = 4; lastKnownFileType = sourcecode.c.h; path = CSYourImageMessageTableViewCell.h; sourceTree = "<group>"; };
		13E0170E1DA2A73600685A38 /* CSYourImageMessageTableViewCell.m */ = {isa = PBXFileReference; fileEncoding = 4; lastKnownFileType = sourcecode.c.objc; path = CSYourImageMessageTableViewCell.m; sourceTree = "<group>"; };
		13E0170F1DA2A73600685A38 /* CSYourImageMessageTableViewCell.xib */ = {isa = PBXFileReference; fileEncoding = 4; lastKnownFileType = file.xib; path = CSYourImageMessageTableViewCell.xib; sourceTree = "<group>"; };
		13E017111DA2A73600685A38 /* CSYourMediaMessageTableViewCell.h */ = {isa = PBXFileReference; fileEncoding = 4; lastKnownFileType = sourcecode.c.h; path = CSYourMediaMessageTableViewCell.h; sourceTree = "<group>"; };
		13E017121DA2A73600685A38 /* CSYourMediaMessageTableViewCell.m */ = {isa = PBXFileReference; fileEncoding = 4; lastKnownFileType = sourcecode.c.objc; path = CSYourMediaMessageTableViewCell.m; sourceTree = "<group>"; };
		13E017131DA2A73600685A38 /* CSYourMediaMessageTableViewCell.xib */ = {isa = PBXFileReference; fileEncoding = 4; lastKnownFileType = file.xib; path = CSYourMediaMessageTableViewCell.xib; sourceTree = "<group>"; };
		13E017151DA2A73600685A38 /* CSYourStickerMessageCell.h */ = {isa = PBXFileReference; fileEncoding = 4; lastKnownFileType = sourcecode.c.h; path = CSYourStickerMessageCell.h; sourceTree = "<group>"; };
		13E017161DA2A73600685A38 /* CSYourStickerMessageCell.m */ = {isa = PBXFileReference; fileEncoding = 4; lastKnownFileType = sourcecode.c.objc; path = CSYourStickerMessageCell.m; sourceTree = "<group>"; };
		13E017171DA2A73600685A38 /* CSYourStickerMessageCell.xib */ = {isa = PBXFileReference; fileEncoding = 4; lastKnownFileType = file.xib; path = CSYourStickerMessageCell.xib; sourceTree = "<group>"; };
		13E017191DA2A73600685A38 /* CSYourTextMessageTableViewCell.h */ = {isa = PBXFileReference; fileEncoding = 4; lastKnownFileType = sourcecode.c.h; path = CSYourTextMessageTableViewCell.h; sourceTree = "<group>"; };
		13E0171A1DA2A73600685A38 /* CSYourTextMessageTableViewCell.m */ = {isa = PBXFileReference; fileEncoding = 4; lastKnownFileType = sourcecode.c.objc; path = CSYourTextMessageTableViewCell.m; sourceTree = "<group>"; };
		13E0171B1DA2A73600685A38 /* CSYourTextMessageTableViewCell.xib */ = {isa = PBXFileReference; fileEncoding = 4; lastKnownFileType = file.xib; path = CSYourTextMessageTableViewCell.xib; sourceTree = "<group>"; };
		13E0171C1DA2A73600685A38 /* Images.xcassets */ = {isa = PBXFileReference; lastKnownFileType = folder.assetcatalog; path = Images.xcassets; sourceTree = "<group>"; };
		13E0171E1DA2A73600685A38 /* JSONValueTransformer+CustomTransformer.h */ = {isa = PBXFileReference; fileEncoding = 4; lastKnownFileType = sourcecode.c.h; path = "JSONValueTransformer+CustomTransformer.h"; sourceTree = "<group>"; };
		13E0171F1DA2A73600685A38 /* JSONValueTransformer+CustomTransformer.m */ = {isa = PBXFileReference; fileEncoding = 4; lastKnownFileType = sourcecode.c.objc; path = "JSONValueTransformer+CustomTransformer.m"; sourceTree = "<group>"; };
		13E017211DA2A73600685A38 /* CSFileDetailsModel.h */ = {isa = PBXFileReference; fileEncoding = 4; lastKnownFileType = sourcecode.c.h; path = CSFileDetailsModel.h; sourceTree = "<group>"; };
		13E017221DA2A73600685A38 /* CSFileDetailsModel.m */ = {isa = PBXFileReference; fileEncoding = 4; lastKnownFileType = sourcecode.c.objc; path = CSFileDetailsModel.m; sourceTree = "<group>"; };
		13E017231DA2A73600685A38 /* CSFileModel.h */ = {isa = PBXFileReference; fileEncoding = 4; lastKnownFileType = sourcecode.c.h; path = CSFileModel.h; sourceTree = "<group>"; };
		13E017241DA2A73600685A38 /* CSFileModel.m */ = {isa = PBXFileReference; fileEncoding = 4; lastKnownFileType = sourcecode.c.objc; path = CSFileModel.m; sourceTree = "<group>"; };
		13E017251DA2A73600685A38 /* CSGetMessages.h */ = {isa = PBXFileReference; fileEncoding = 4; lastKnownFileType = sourcecode.c.h; path = CSGetMessages.h; sourceTree = "<group>"; };
		13E017261DA2A73600685A38 /* CSGetMessages.m */ = {isa = PBXFileReference; fileEncoding = 4; lastKnownFileType = sourcecode.c.objc; path = CSGetMessages.m; sourceTree = "<group>"; };
		13E017271DA2A73600685A38 /* CSLocationModel.h */ = {isa = PBXFileReference; fileEncoding = 4; lastKnownFileType = sourcecode.c.h; path = CSLocationModel.h; sourceTree = "<group>"; };
		13E017281DA2A73600685A38 /* CSLocationModel.m */ = {isa = PBXFileReference; fileEncoding = 4; lastKnownFileType = sourcecode.c.objc; path = CSLocationModel.m; sourceTree = "<group>"; };
		13E017291DA2A73600685A38 /* CSLoginResult.h */ = {isa = PBXFileReference; fileEncoding = 4; lastKnownFileType = sourcecode.c.h; path = CSLoginResult.h; sourceTree = "<group>"; };
		13E0172A1DA2A73600685A38 /* CSLoginResult.m */ = {isa = PBXFileReference; fileEncoding = 4; lastKnownFileType = sourcecode.c.objc; path = CSLoginResult.m; sourceTree = "<group>"; };
		13E0172B1DA2A73600685A38 /* CSMessageModel.h */ = {isa = PBXFileReference; fileEncoding = 4; lastKnownFileType = sourcecode.c.h; path = CSMessageModel.h; sourceTree = "<group>"; };
		13E0172C1DA2A73600685A38 /* CSMessageModel.m */ = {isa = PBXFileReference; fileEncoding = 4; lastKnownFileType = sourcecode.c.objc; path = CSMessageModel.m; sourceTree = "<group>"; };
		13E0172D1DA2A73600685A38 /* CSModel.h */ = {isa = PBXFileReference; fileEncoding = 4; lastKnownFileType = sourcecode.c.h; path = CSModel.h; sourceTree = "<group>"; };
		13E0172E1DA2A73600685A38 /* CSModel.m */ = {isa = PBXFileReference; fileEncoding = 4; lastKnownFileType = sourcecode.c.objc; path = CSModel.m; sourceTree = "<group>"; };
		13E0172F1DA2A73600685A38 /* CSResponseModel.h */ = {isa = PBXFileReference; fileEncoding = 4; lastKnownFileType = sourcecode.c.h; path = CSResponseModel.h; sourceTree = "<group>"; };
		13E017301DA2A73600685A38 /* CSResponseModel.m */ = {isa = PBXFileReference; fileEncoding = 4; lastKnownFileType = sourcecode.c.objc; path = CSResponseModel.m; sourceTree = "<group>"; };
		13E017311DA2A73600685A38 /* CSSeenByModel.h */ = {isa = PBXFileReference; fileEncoding = 4; lastKnownFileType = sourcecode.c.h; path = CSSeenByModel.h; sourceTree = "<group>"; };
		13E017321DA2A73600685A38 /* CSSeenByModel.m */ = {isa = PBXFileReference; fileEncoding = 4; lastKnownFileType = sourcecode.c.objc; path = CSSeenByModel.m; sourceTree = "<group>"; };
		13E017331DA2A73600685A38 /* CSStickerListModel.h */ = {isa = PBXFileReference; fileEncoding = 4; lastKnownFileType = sourcecode.c.h; path = CSStickerListModel.h; sourceTree = "<group>"; };
		13E017341DA2A73600685A38 /* CSStickerListModel.m */ = {isa = PBXFileReference; fileEncoding = 4; lastKnownFileType = sourcecode.c.objc; path = CSStickerListModel.m; sourceTree = "<group>"; };
		13E017351DA2A73600685A38 /* CSStickerModel.h */ = {isa = PBXFileReference; fileEncoding = 4; lastKnownFileType = sourcecode.c.h; path = CSStickerModel.h; sourceTree = "<group>"; };
		13E017361DA2A73600685A38 /* CSStickerModel.m */ = {isa = PBXFileReference; fileEncoding = 4; lastKnownFileType = sourcecode.c.objc; path = CSStickerModel.m; sourceTree = "<group>"; };
		13E017371DA2A73600685A38 /* CSStickerPageModel.h */ = {isa = PBXFileReference; fileEncoding = 4; lastKnownFileType = sourcecode.c.h; path = CSStickerPageModel.h; sourceTree = "<group>"; };
		13E017381DA2A73600685A38 /* CSStickerPageModel.m */ = {isa = PBXFileReference; fileEncoding = 4; lastKnownFileType = sourcecode.c.objc; path = CSStickerPageModel.m; sourceTree = "<group>"; };
		13E017391DA2A73600685A38 /* CSTypingModel.h */ = {isa = PBXFileReference; fileEncoding = 4; lastKnownFileType = sourcecode.c.h; path = CSTypingModel.h; sourceTree = "<group>"; };
		13E0173A1DA2A73600685A38 /* CSTypingModel.m */ = {isa = PBXFileReference; fileEncoding = 4; lastKnownFileType = sourcecode.c.objc; path = CSTypingModel.m; sourceTree = "<group>"; };
		13E0173B1DA2A73600685A38 /* CSUserModel.h */ = {isa = PBXFileReference; fileEncoding = 4; lastKnownFileType = sourcecode.c.h; path = CSUserModel.h; sourceTree = "<group>"; };
		13E0173C1DA2A73600685A38 /* CSUserModel.m */ = {isa = PBXFileReference; fileEncoding = 4; lastKnownFileType = sourcecode.c.objc; path = CSUserModel.m; sourceTree = "<group>"; };
		13E0173F1DA2A73600685A38 /* en */ = {isa = PBXFileReference; lastKnownFileType = text.plist.strings; name = en; path = en.lproj/CSChatErrorCodes.strings; sourceTree = "<group>"; };
		13E017411DA2A73600685A38 /* en */ = {isa = PBXFileReference; lastKnownFileType = text.plist.strings; name = en; path = en.lproj/CSChatLocalization.strings; sourceTree = "<group>"; };
		13E017421DA2A73600685A38 /* hr */ = {isa = PBXFileReference; lastKnownFileType = text.plist.strings; name = hr; path = hr.lproj/CSChatErrorCodes.strings; sourceTree = "<group>"; };
		13E017431DA2A73600685A38 /* hr */ = {isa = PBXFileReference; lastKnownFileType = text.plist.strings; name = hr; path = hr.lproj/CSChatLocalization.strings; sourceTree = "<group>"; };
		13E017451DA2A73600685A38 /* CSApiManager.h */ = {isa = PBXFileReference; fileEncoding = 4; lastKnownFileType = sourcecode.c.h; path = CSApiManager.h; sourceTree = "<group>"; };
		13E017461DA2A73600685A38 /* CSApiManager.m */ = {isa = PBXFileReference; fileEncoding = 4; lastKnownFileType = sourcecode.c.objc; path = CSApiManager.m; sourceTree = "<group>"; };
		13E017471DA2A73600685A38 /* CSAvatarLoader.h */ = {isa = PBXFileReference; fileEncoding = 4; lastKnownFileType = sourcecode.c.h; path = CSAvatarLoader.h; sourceTree = "<group>"; };
		13E017481DA2A73600685A38 /* CSAvatarLoader.m */ = {isa = PBXFileReference; fileEncoding = 4; lastKnownFileType = sourcecode.c.objc; path = CSAvatarLoader.m; sourceTree = "<group>"; };
		13E017491DA2A73600685A38 /* CSChatErrorCodes.h */ = {isa = PBXFileReference; fileEncoding = 4; lastKnownFileType = sourcecode.c.h; path = CSChatErrorCodes.h; sourceTree = "<group>"; };
		13E0174A1DA2A73600685A38 /* CSChatErrorCodes.m */ = {isa = PBXFileReference; fileEncoding = 4; lastKnownFileType = sourcecode.c.objc; path = CSChatErrorCodes.m; sourceTree = "<group>"; };
		13E0174B1DA2A73600685A38 /* CSConfig.h */ = {isa = PBXFileReference; fileEncoding = 4; lastKnownFileType = sourcecode.c.h; path = CSConfig.h; sourceTree = "<group>"; };
		13E0174C1DA2A73600685A38 /* CSCustomConfig.h */ = {isa = PBXFileReference; fileEncoding = 4; lastKnownFileType = sourcecode.c.h; path = CSCustomConfig.h; sourceTree = "<group>"; };
		13E0174D1DA2A73600685A38 /* CSCustomConfig.m */ = {isa = PBXFileReference; fileEncoding = 4; lastKnownFileType = sourcecode.c.objc; path = CSCustomConfig.m; sourceTree = "<group>"; };
		13E0174E1DA2A73600685A38 /* CSDownloadManager.h */ = {isa = PBXFileReference; fileEncoding = 4; lastKnownFileType = sourcecode.c.h; path = CSDownloadManager.h; sourceTree = "<group>"; };
		13E0174F1DA2A73600685A38 /* CSDownloadManager.m */ = {isa = PBXFileReference; fileEncoding = 4; lastKnownFileType = sourcecode.c.objc; path = CSDownloadManager.m; sourceTree = "<group>"; };
		13E017501DA2A73600685A38 /* CSEmitJsonCreator.h */ = {isa = PBXFileReference; fileEncoding = 4; lastKnownFileType = sourcecode.c.h; path = CSEmitJsonCreator.h; sourceTree = "<group>"; };
		13E017511DA2A73600685A38 /* CSEmitJsonCreator.m */ = {isa = PBXFileReference; fileEncoding = 4; lastKnownFileType = sourcecode.c.objc; path = CSEmitJsonCreator.m; sourceTree = "<group>"; };
		13E017521DA2A73600685A38 /* CSSocketController.h */ = {isa = PBXFileReference; fileEncoding = 4; lastKnownFileType = sourcecode.c.h; path = CSSocketController.h; sourceTree = "<group>"; };
		13E017531DA2A73600685A38 /* CSSocketController.m */ = {isa = PBXFileReference; fileEncoding = 4; lastKnownFileType = sourcecode.c.objc; path = CSSocketController.m; sourceTree = "<group>"; };
		13E017541DA2A73600685A38 /* CSUploadManager.h */ = {isa = PBXFileReference; fileEncoding = 4; lastKnownFileType = sourcecode.c.h; path = CSUploadManager.h; sourceTree = "<group>"; };
		13E017551DA2A73600685A38 /* CSUploadManager.m */ = {isa = PBXFileReference; fileEncoding = 4; lastKnownFileType = sourcecode.c.objc; path = CSUploadManager.m; sourceTree = "<group>"; };
		13E017561DA2A73600685A38 /* CSUtils.h */ = {isa = PBXFileReference; fileEncoding = 4; lastKnownFileType = sourcecode.c.h; path = CSUtils.h; sourceTree = "<group>"; };
		13E017571DA2A73600685A38 /* CSUtils.m */ = {isa = PBXFileReference; fileEncoding = 4; lastKnownFileType = sourcecode.c.objc; path = CSUtils.m; sourceTree = "<group>"; };
		13E0175A1DA2A73600685A38 /* CSChatViewController.h */ = {isa = PBXFileReference; fileEncoding = 4; lastKnownFileType = sourcecode.c.h; path = CSChatViewController.h; sourceTree = "<group>"; };
		13E0175B1DA2A73600685A38 /* CSChatViewController.m */ = {isa = PBXFileReference; fileEncoding = 4; lastKnownFileType = sourcecode.c.objc; path = CSChatViewController.m; sourceTree = "<group>"; };
		13E0175C1DA2A73600685A38 /* CSChatViewController.xib */ = {isa = PBXFileReference; fileEncoding = 4; lastKnownFileType = file.xib; path = CSChatViewController.xib; sourceTree = "<group>"; };
		13E0175D1DA2A73600685A38 /* CSBaseViewController.h */ = {isa = PBXFileReference; fileEncoding = 4; lastKnownFileType = sourcecode.c.h; path = CSBaseViewController.h; sourceTree = "<group>"; };
		13E0175E1DA2A73600685A38 /* CSBaseViewController.m */ = {isa = PBXFileReference; fileEncoding = 4; lastKnownFileType = sourcecode.c.objc; path = CSBaseViewController.m; sourceTree = "<group>"; };
		13E017601DA2A73600685A38 /* CSDisplayMap.h */ = {isa = PBXFileReference; fileEncoding = 4; lastKnownFileType = sourcecode.c.h; path = CSDisplayMap.h; sourceTree = "<group>"; };
		13E017611DA2A73600685A38 /* CSDisplayMap.m */ = {isa = PBXFileReference; fileEncoding = 4; lastKnownFileType = sourcecode.c.objc; path = CSDisplayMap.m; sourceTree = "<group>"; };
		13E017621DA2A73600685A38 /* CSMapViewController.h */ = {isa = PBXFileReference; fileEncoding = 4; lastKnownFileType = sourcecode.c.h; path = CSMapViewController.h; sourceTree = "<group>"; };
		13E017631DA2A73600685A38 /* CSMapViewController.m */ = {isa = PBXFileReference; fileEncoding = 4; lastKnownFileType = sourcecode.c.objc; path = CSMapViewController.m; sourceTree = "<group>"; };
		13E017641DA2A73600685A38 /* CSMapViewController.xib */ = {isa = PBXFileReference; fileEncoding = 4; lastKnownFileType = file.xib; path = CSMapViewController.xib; sourceTree = "<group>"; };
		13E017661DA2A73600685A38 /* CSMessageInfoViewController.h */ = {isa = PBXFileReference; fileEncoding = 4; lastKnownFileType = sourcecode.c.h; path = CSMessageInfoViewController.h; sourceTree = "<group>"; };
		13E017671DA2A73600685A38 /* CSMessageInfoViewController.m */ = {isa = PBXFileReference; fileEncoding = 4; lastKnownFileType = sourcecode.c.objc; path = CSMessageInfoViewController.m; sourceTree = "<group>"; };
		13E017681DA2A73600685A38 /* CSMessageInfoViewController.xib */ = {isa = PBXFileReference; fileEncoding = 4; lastKnownFileType = file.xib; path = CSMessageInfoViewController.xib; sourceTree = "<group>"; };
		13E0176A1DA2A73600685A38 /* CSRecordAudioViewController.h */ = {isa = PBXFileReference; fileEncoding = 4; lastKnownFileType = sourcecode.c.h; path = CSRecordAudioViewController.h; sourceTree = "<group>"; };
		13E0176B1DA2A73600685A38 /* CSRecordAudioViewController.m */ = {isa = PBXFileReference; fileEncoding = 4; lastKnownFileType = sourcecode.c.objc; path = CSRecordAudioViewController.m; sourceTree = "<group>"; };
		13E0176C1DA2A73600685A38 /* CSRecordAudioViewController.xib */ = {isa = PBXFileReference; fileEncoding = 4; lastKnownFileType = file.xib; path = CSRecordAudioViewController.xib; sourceTree = "<group>"; };
		13E0176E1DA2A73600685A38 /* CSUploadImagePreviewViewController.h */ = {isa = PBXFileReference; fileEncoding = 4; lastKnownFileType = sourcecode.c.h; path = CSUploadImagePreviewViewController.h; sourceTree = "<group>"; };
		13E0176F1DA2A73600685A38 /* CSUploadImagePreviewViewController.m */ = {isa = PBXFileReference; fileEncoding = 4; lastKnownFileType = sourcecode.c.objc; path = CSUploadImagePreviewViewController.m; sourceTree = "<group>"; };
		13E017701DA2A73600685A38 /* CSUploadImagePreviewViewController.xib */ = {isa = PBXFileReference; fileEncoding = 4; lastKnownFileType = file.xib; path = CSUploadImagePreviewViewController.xib; sourceTree = "<group>"; };
		13E017721DA2A73600685A38 /* CSUploadVideoPreviewViewController.h */ = {isa = PBXFileReference; fileEncoding = 4; lastKnownFileType = sourcecode.c.h; path = CSUploadVideoPreviewViewController.h; sourceTree = "<group>"; };
		13E017731DA2A73600685A38 /* CSUploadVideoPreviewViewController.m */ = {isa = PBXFileReference; fileEncoding = 4; lastKnownFileType = sourcecode.c.objc; path = CSUploadVideoPreviewViewController.m; sourceTree = "<group>"; };
		13E017741DA2A73600685A38 /* CSUploadVideoPreviewViewController.xib */ = {isa = PBXFileReference; fileEncoding = 4; lastKnownFileType = file.xib; path = CSUploadVideoPreviewViewController.xib; sourceTree = "<group>"; };
		13E017761DA2A73600685A38 /* CSUsersViewController.h */ = {isa = PBXFileReference; fileEncoding = 4; lastKnownFileType = sourcecode.c.h; path = CSUsersViewController.h; sourceTree = "<group>"; };
		13E017771DA2A73600685A38 /* CSUsersViewController.m */ = {isa = PBXFileReference; fileEncoding = 4; lastKnownFileType = sourcecode.c.objc; path = CSUsersViewController.m; sourceTree = "<group>"; };
		13E017781DA2A73600685A38 /* CSUsersViewController.xib */ = {isa = PBXFileReference; fileEncoding = 4; lastKnownFileType = file.xib; path = CSUsersViewController.xib; sourceTree = "<group>"; };
		13E0177B1DA2A73600685A38 /* SE2AudioPlayerView.h */ = {isa = PBXFileReference; fileEncoding = 4; lastKnownFileType = sourcecode.c.h; path = SE2AudioPlayerView.h; sourceTree = "<group>"; };
		13E0177C1DA2A73600685A38 /* SE2AudioPlayerView.m */ = {isa = PBXFileReference; fileEncoding = 4; lastKnownFileType = sourcecode.c.objc; path = SE2AudioPlayerView.m; sourceTree = "<group>"; };
		13E0177D1DA2A73600685A38 /* SE2AudioPlayerView.xib */ = {isa = PBXFileReference; fileEncoding = 4; lastKnownFileType = file.xib; path = SE2AudioPlayerView.xib; sourceTree = "<group>"; };
		13E0177F1DA2A73600685A38 /* CSAudioPreviewView.h */ = {isa = PBXFileReference; fileEncoding = 4; lastKnownFileType = sourcecode.c.h; path = CSAudioPreviewView.h; sourceTree = "<group>"; };
		13E017801DA2A73600685A38 /* CSAudioPreviewView.m */ = {isa = PBXFileReference; fileEncoding = 4; lastKnownFileType = sourcecode.c.objc; path = CSAudioPreviewView.m; sourceTree = "<group>"; };
		13E017811DA2A73600685A38 /* CSAudioPreviewView.xib */ = {isa = PBXFileReference; fileEncoding = 4; lastKnownFileType = file.xib; path = CSAudioPreviewView.xib; sourceTree = "<group>"; };
		13E017831DA2A73600685A38 /* CSAvatarView.h */ = {isa = PBXFileReference; fileEncoding = 4; lastKnownFileType = sourcecode.c.h; path = CSAvatarView.h; sourceTree = "<group>"; };
		13E017841DA2A73600685A38 /* CSAvatarView.m */ = {isa = PBXFileReference; fileEncoding = 4; lastKnownFileType = sourcecode.c.objc; path = CSAvatarView.m; sourceTree = "<group>"; };
		13E017851DA2A73600685A38 /* CSAvatarView.xib */ = {isa = PBXFileReference; fileEncoding = 4; lastKnownFileType = file.xib; path = CSAvatarView.xib; sourceTree = "<group>"; };
		13E017871DA2A73600685A38 /* CSBasePreviewView.h */ = {isa = PBXFileReference; fileEncoding = 4; lastKnownFileType = sourcecode.c.h; path = CSBasePreviewView.h; sourceTree = "<group>"; };
		13E017881DA2A73600685A38 /* CSBasePreviewView.m */ = {isa = PBXFileReference; fileEncoding = 4; lastKnownFileType = sourcecode.c.objc; path = CSBasePreviewView.m; sourceTree = "<group>"; };
		13E0178A1DA2A73600685A38 /* ChatSettingsViewDelegate.h */ = {isa = PBXFileReference; fileEncoding = 4; lastKnownFileType = sourcecode.c.h; path = ChatSettingsViewDelegate.h; sourceTree = "<group>"; };
		13E0178B1DA2A73600685A38 /* CSChatSettingsView.h */ = {isa = PBXFileReference; fileEncoding = 4; lastKnownFileType = sourcecode.c.h; path = CSChatSettingsView.h; sourceTree = "<group>"; };
		13E0178C1DA2A73600685A38 /* CSChatSettingsView.m */ = {isa = PBXFileReference; fileEncoding = 4; lastKnownFileType = sourcecode.c.objc; path = CSChatSettingsView.m; sourceTree = "<group>"; };
		13E0178D1DA2A73600685A38 /* CSChatSettingsView.xib */ = {isa = PBXFileReference; fileEncoding = 4; lastKnownFileType = file.xib; path = CSChatSettingsView.xib; sourceTree = "<group>"; };
		13E0178F1DA2A73600685A38 /* CSCustomView.h */ = {isa = PBXFileReference; fileEncoding = 4; lastKnownFileType = sourcecode.c.h; path = CSCustomView.h; sourceTree = "<group>"; };
		13E017901DA2A73600685A38 /* CSCustomView.m */ = {isa = PBXFileReference; fileEncoding = 4; lastKnownFileType = sourcecode.c.objc; path = CSCustomView.m; sourceTree = "<group>"; };
		13E017921DA2A73600685A38 /* CSImagePreviewView.h */ = {isa = PBXFileReference; fileEncoding = 4; lastKnownFileType = sourcecode.c.h; path = CSImagePreviewView.h; sourceTree = "<group>"; };
		13E017931DA2A73600685A38 /* CSImagePreviewView.m */ = {isa = PBXFileReference; fileEncoding = 4; lastKnownFileType = sourcecode.c.objc; path = CSImagePreviewView.m; sourceTree = "<group>"; };
		13E017941DA2A73600685A38 /* CSImagePreviewView.xib */ = {isa = PBXFileReference; fileEncoding = 4; lastKnownFileType = file.xib; path = CSImagePreviewView.xib; sourceTree = "<group>"; };
		13E017961DA2A73600685A38 /* CSMenuView.h */ = {isa = PBXFileReference; fileEncoding = 4; lastKnownFileType = sourcecode.c.h; path = CSMenuView.h; sourceTree = "<group>"; };
		13E017971DA2A73600685A38 /* CSMenuView.m */ = {isa = PBXFileReference; fileEncoding = 4; lastKnownFileType = sourcecode.c.objc; path = CSMenuView.m; sourceTree = "<group>"; };
		13E017981DA2A73600685A38 /* CSMenuView.xib */ = {isa = PBXFileReference; fileEncoding = 4; lastKnownFileType = file.xib; path = CSMenuView.xib; sourceTree = "<group>"; };
		13E017991DA2A73600685A38 /* CSMenuViewDelegate.h */ = {isa = PBXFileReference; fileEncoding = 4; lastKnownFileType = sourcecode.c.h; path = CSMenuViewDelegate.h; sourceTree = "<group>"; };
		13E0179B1DA2A73600685A38 /* CSNotificationOverlayQueue.h */ = {isa = PBXFileReference; fileEncoding = 4; lastKnownFileType = sourcecode.c.h; path = CSNotificationOverlayQueue.h; sourceTree = "<group>"; };
		13E0179C1DA2A73600685A38 /* CSNotificationOverlayQueue.m */ = {isa = PBXFileReference; fileEncoding = 4; lastKnownFileType = sourcecode.c.objc; path = CSNotificationOverlayQueue.m; sourceTree = "<group>"; };
		13E0179D1DA2A73600685A38 /* CSNotificationOverlayView.h */ = {isa = PBXFileReference; fileEncoding = 4; lastKnownFileType = sourcecode.c.h; path = CSNotificationOverlayView.h; sourceTree = "<group>"; };
		13E0179E1DA2A73600685A38 /* CSNotificationOverlayView.m */ = {isa = PBXFileReference; fileEncoding = 4; lastKnownFileType = sourcecode.c.objc; path = CSNotificationOverlayView.m; sourceTree = "<group>"; };
		13E0179F1DA2A73600685A38 /* CSNotificationOverlayView.xib */ = {isa = PBXFileReference; fileEncoding = 4; lastKnownFileType = file.xib; path = CSNotificationOverlayView.xib; sourceTree = "<group>"; };
		13E017A11DA2A73600685A38 /* CSProgressLoadingView.h */ = {isa = PBXFileReference; fileEncoding = 4; lastKnownFileType = sourcecode.c.h; path = CSProgressLoadingView.h; sourceTree = "<group>"; };
		13E017A21DA2A73600685A38 /* CSProgressLoadingView.m */ = {isa = PBXFileReference; fileEncoding = 4; lastKnownFileType = sourcecode.c.objc; path = CSProgressLoadingView.m; sourceTree = "<group>"; };
		13E017A31DA2A73600685A38 /* CSProgressLoadingView.xib */ = {isa = PBXFileReference; fileEncoding = 4; lastKnownFileType = file.xib; path = CSProgressLoadingView.xib; sourceTree = "<group>"; };
		13E017A51DA2A73600685A38 /* CSProgressUploadingView.h */ = {isa = PBXFileReference; fileEncoding = 4; lastKnownFileType = sourcecode.c.h; path = CSProgressUploadingView.h; sourceTree = "<group>"; };
		13E017A61DA2A73600685A38 /* CSProgressUploadingView.m */ = {isa = PBXFileReference; fileEncoding = 4; lastKnownFileType = sourcecode.c.objc; path = CSProgressUploadingView.m; sourceTree = "<group>"; };
		13E017A71DA2A73600685A38 /* CSProgressUploadingView.xib */ = {isa = PBXFileReference; fileEncoding = 4; lastKnownFileType = file.xib; path = CSProgressUploadingView.xib; sourceTree = "<group>"; };
		13E017A91DA2A73600685A38 /* CSStickerDelegate.h */ = {isa = PBXFileReference; fileEncoding = 4; lastKnownFileType = sourcecode.c.h; path = CSStickerDelegate.h; sourceTree = "<group>"; };
		13E017AA1DA2A73600685A38 /* CSStickerView.h */ = {isa = PBXFileReference; fileEncoding = 4; lastKnownFileType = sourcecode.c.h; path = CSStickerView.h; sourceTree = "<group>"; };
		13E017AB1DA2A73600685A38 /* CSStickerView.m */ = {isa = PBXFileReference; fileEncoding = 4; lastKnownFileType = sourcecode.c.objc; path = CSStickerView.m; sourceTree = "<group>"; };
		13E017AC1DA2A73600685A38 /* CSStickerView.xib */ = {isa = PBXFileReference; fileEncoding = 4; lastKnownFileType = file.xib; path = CSStickerView.xib; sourceTree = "<group>"; };
		13E017AE1DA2A73600685A38 /* CSTitleView.h */ = {isa = PBXFileReference; fileEncoding = 4; lastKnownFileType = sourcecode.c.h; path = CSTitleView.h; sourceTree = "<group>"; };
		13E017AF1DA2A73600685A38 /* CSTitleView.m */ = {isa = PBXFileReference; fileEncoding = 4; lastKnownFileType = sourcecode.c.objc; path = CSTitleView.m; sourceTree = "<group>"; };
		13E017B11DA2A73600685A38 /* CSVideoPreviewView.h */ = {isa = PBXFileReference; fileEncoding = 4; lastKnownFileType = sourcecode.c.h; path = CSVideoPreviewView.h; sourceTree = "<group>"; };
		13E017B21DA2A73600685A38 /* CSVideoPreviewView.m */ = {isa = PBXFileReference; fileEncoding = 4; lastKnownFileType = sourcecode.c.objc; path = CSVideoPreviewView.m; sourceTree = "<group>"; };
		13E017B31DA2A73600685A38 /* CSVideoPreviewView.xib */ = {isa = PBXFileReference; fileEncoding = 4; lastKnownFileType = file.xib; path = CSVideoPreviewView.xib; sourceTree = "<group>"; };
		1FD2ABF3AF65125F5463A704 /* Pods-StreetChat.release.xcconfig */ = {isa = PBXFileReference; includeInIndex = 1; lastKnownFileType = text.xcconfig; name = "Pods-StreetChat.release.xcconfig"; path = "Pods/Target Support Files/Pods-StreetChat/Pods-StreetChat.release.xcconfig"; sourceTree = "<group>"; };
		D642C2A3223B80DE6FC4C8A9 /* Pods-StreetChat.debug.xcconfig */ = {isa = PBXFileReference; includeInIndex = 1; lastKnownFileType = text.xcconfig; name = "Pods-StreetChat.debug.xcconfig"; path = "Pods/Target Support Files/Pods-StreetChat/Pods-StreetChat.debug.xcconfig"; sourceTree = "<group>"; };
		EFCBB65BD06F1EC50442AD9E /* libPods-StreetChat.a */ = {isa = PBXFileReference; explicitFileType = archive.ar; includeInIndex = 0; path = "libPods-StreetChat.a"; sourceTree = BUILT_PRODUCTS_DIR; };
/* End PBXFileReference section */

/* Begin PBXFrameworksBuildPhase section */
		1397E1E51DA293BF00B61905 /* Frameworks */ = {
			isa = PBXFrameworksBuildPhase;
			buildActionMask = 2147483647;
			files = (
				DF22F3CA7EAA40DDEB4CFE40 /* libPods-StreetChat.a in Frameworks */,
			);
			runOnlyForDeploymentPostprocessing = 0;
		};
/* End PBXFrameworksBuildPhase section */

/* Begin PBXGroup section */
		1397E1DF1DA293BF00B61905 = {
			isa = PBXGroup;
			children = (
				13E016E01DA2A73600685A38 /* Spika */,
				1397E1EA1DA293C000B61905 /* StreetChat */,
				1397E1E91DA293C000B61905 /* Products */,
				F89A8C377878669CE9ACAAC1 /* Pods */,
				D0F5EA1E90D17F6FC9327636 /* Frameworks */,
			);
			sourceTree = "<group>";
		};
		1397E1E91DA293C000B61905 /* Products */ = {
			isa = PBXGroup;
			children = (
				1397E1E81DA293C000B61905 /* StreetChat.app */,
			);
			name = Products;
			sourceTree = "<group>";
		};
		1397E1EA1DA293C000B61905 /* StreetChat */ = {
			isa = PBXGroup;
			children = (
				1397E1EE1DA293C000B61905 /* AppDelegate.h */,
				1397E1EF1DA293C000B61905 /* AppDelegate.m */,
				1397E1F11DA293C000B61905 /* ViewController.h */,
				1397E1F21DA293C000B61905 /* ViewController.m */,
				1397E1F41DA293C000B61905 /* Main.storyboard */,
				1397E1F71DA293C000B61905 /* Assets.xcassets */,
				1397E1F91DA293C000B61905 /* LaunchScreen.storyboard */,
				1397E1FC1DA293C000B61905 /* Info.plist */,
				1397E1EB1DA293C000B61905 /* Supporting Files */,
			);
			path = StreetChat;
			sourceTree = "<group>";
		};
		1397E1EB1DA293C000B61905 /* Supporting Files */ = {
			isa = PBXGroup;
			children = (
				1397E1EC1DA293C000B61905 /* main.m */,
			);
			name = "Supporting Files";
			sourceTree = "<group>";
		};
		13E016E01DA2A73600685A38 /* Spika */ = {
			isa = PBXGroup;
			children = (
				13E016E11DA2A73600685A38 /* Cells */,
				13E0171C1DA2A73600685A38 /* Images.xcassets */,
				13E0171D1DA2A73600685A38 /* JSONModel */,
				13E017201DA2A73600685A38 /* Models */,
				13E0173D1DA2A73600685A38 /* Resources */,
				13E017441DA2A73600685A38 /* Utils */,
				13E017581DA2A73600685A38 /* ViewController */,
				13E017791DA2A73600685A38 /* Views */,
			);
			path = Spika;
			sourceTree = "<group>";
		};
		13E016E11DA2A73600685A38 /* Cells */ = {
			isa = PBXGroup;
			children = (
				13E016E21DA2A73600685A38 /* BaseCell */,
				13E016E51DA2A73600685A38 /* CSCellClickedDelegate.h */,
				13E016E61DA2A73600685A38 /* MyImageMessageCell */,
				13E016EA1DA2A73600685A38 /* MyMediaMessageCell */,
				13E016EE1DA2A73600685A38 /* MyStickerMessageCell */,
				13E016F21DA2A73600685A38 /* MyTextMessageCell */,
				13E016F61DA2A73600685A38 /* SeenByCell */,
				13E016FA1DA2A73600685A38 /* StickerCell */,
				13E017041DA2A73600685A38 /* UserInfoCell */,
				13E017081DA2A73600685A38 /* UsersCell */,
				13E0170C1DA2A73600685A38 /* YourImageMessageCell */,
				13E017101DA2A73600685A38 /* YourMediaMessageCell */,
				13E017141DA2A73600685A38 /* YourStickerMessageCell */,
				13E017181DA2A73600685A38 /* YourTextMessageCell */,
			);
			path = Cells;
			sourceTree = "<group>";
		};
		13E016E21DA2A73600685A38 /* BaseCell */ = {
			isa = PBXGroup;
			children = (
				13E016E31DA2A73600685A38 /* CSBaseTableViewCell.h */,
				13E016E41DA2A73600685A38 /* CSBaseTableViewCell.m */,
			);
			path = BaseCell;
			sourceTree = "<group>";
		};
		13E016E61DA2A73600685A38 /* MyImageMessageCell */ = {
			isa = PBXGroup;
			children = (
				13E016E71DA2A73600685A38 /* CSMyImageMessageTableViewCell.h */,
				13E016E81DA2A73600685A38 /* CSMyImageMessageTableViewCell.m */,
				13E016E91DA2A73600685A38 /* CSMyImageMessageTableViewCell.xib */,
			);
			path = MyImageMessageCell;
			sourceTree = "<group>";
		};
		13E016EA1DA2A73600685A38 /* MyMediaMessageCell */ = {
			isa = PBXGroup;
			children = (
				13E016EB1DA2A73600685A38 /* CSMyMediaMessageTableViewCell.h */,
				13E016EC1DA2A73600685A38 /* CSMyMediaMessageTableViewCell.m */,
				13E016ED1DA2A73600685A38 /* CSMyMediaMessageTableViewCell.xib */,
			);
			path = MyMediaMessageCell;
			sourceTree = "<group>";
		};
		13E016EE1DA2A73600685A38 /* MyStickerMessageCell */ = {
			isa = PBXGroup;
			children = (
				13E016EF1DA2A73600685A38 /* CSMyStickerMessageCell.h */,
				13E016F01DA2A73600685A38 /* CSMyStickerMessageCell.m */,
				13E016F11DA2A73600685A38 /* CSMyStickerMessageCell.xib */,
			);
			path = MyStickerMessageCell;
			sourceTree = "<group>";
		};
		13E016F21DA2A73600685A38 /* MyTextMessageCell */ = {
			isa = PBXGroup;
			children = (
				13E016F31DA2A73600685A38 /* CSMyTextMessageTableViewCell.h */,
				13E016F41DA2A73600685A38 /* CSMyTextMessageTableViewCell.m */,
				13E016F51DA2A73600685A38 /* CSMyTextMessageTableViewCell.xib */,
			);
			path = MyTextMessageCell;
			sourceTree = "<group>";
		};
		13E016F61DA2A73600685A38 /* SeenByCell */ = {
			isa = PBXGroup;
			children = (
				13E016F71DA2A73600685A38 /* CSSeenByTableViewCell.h */,
				13E016F81DA2A73600685A38 /* CSSeenByTableViewCell.m */,
				13E016F91DA2A73600685A38 /* CSSeenByTableViewCell.xib */,
			);
			path = SeenByCell;
			sourceTree = "<group>";
		};
		13E016FA1DA2A73600685A38 /* StickerCell */ = {
			isa = PBXGroup;
			children = (
				13E016FB1DA2A73600685A38 /* CSStickerCategoryCollectionViewCell.h */,
				13E016FC1DA2A73600685A38 /* CSStickerCategoryCollectionViewCell.m */,
				13E016FD1DA2A73600685A38 /* CSStickerCategoryCollectionViewCell.xib */,
				13E016FE1DA2A73600685A38 /* CSStickerCollectionViewCell.h */,
				13E016FF1DA2A73600685A38 /* CSStickerCollectionViewCell.m */,
				13E017001DA2A73600685A38 /* CSStickerCollectionViewCell.xib */,
				13E017011DA2A73600685A38 /* CSStickerPageCollectionViewCell.h */,
				13E017021DA2A73600685A38 /* CSStickerPageCollectionViewCell.m */,
				13E017031DA2A73600685A38 /* CSStickerPageCollectionViewCell.xib */,
			);
			path = StickerCell;
			sourceTree = "<group>";
		};
		13E017041DA2A73600685A38 /* UserInfoCell */ = {
			isa = PBXGroup;
			children = (
				13E017051DA2A73600685A38 /* CSUserInfoTableViewCell.h */,
				13E017061DA2A73600685A38 /* CSUserInfoTableViewCell.m */,
				13E017071DA2A73600685A38 /* CSUserInfoTableViewCell.xib */,
			);
			path = UserInfoCell;
			sourceTree = "<group>";
		};
		13E017081DA2A73600685A38 /* UsersCell */ = {
			isa = PBXGroup;
			children = (
				13E017091DA2A73600685A38 /* CSUsersTableViewCell.h */,
				13E0170A1DA2A73600685A38 /* CSUsersTableViewCell.m */,
				13E0170B1DA2A73600685A38 /* CSUsersTableViewCell.xib */,
			);
			path = UsersCell;
			sourceTree = "<group>";
		};
		13E0170C1DA2A73600685A38 /* YourImageMessageCell */ = {
			isa = PBXGroup;
			children = (
				13E0170D1DA2A73600685A38 /* CSYourImageMessageTableViewCell.h */,
				13E0170E1DA2A73600685A38 /* CSYourImageMessageTableViewCell.m */,
				13E0170F1DA2A73600685A38 /* CSYourImageMessageTableViewCell.xib */,
			);
			path = YourImageMessageCell;
			sourceTree = "<group>";
		};
		13E017101DA2A73600685A38 /* YourMediaMessageCell */ = {
			isa = PBXGroup;
			children = (
				13E017111DA2A73600685A38 /* CSYourMediaMessageTableViewCell.h */,
				13E017121DA2A73600685A38 /* CSYourMediaMessageTableViewCell.m */,
				13E017131DA2A73600685A38 /* CSYourMediaMessageTableViewCell.xib */,
			);
			path = YourMediaMessageCell;
			sourceTree = "<group>";
		};
		13E017141DA2A73600685A38 /* YourStickerMessageCell */ = {
			isa = PBXGroup;
			children = (
				13E017151DA2A73600685A38 /* CSYourStickerMessageCell.h */,
				13E017161DA2A73600685A38 /* CSYourStickerMessageCell.m */,
				13E017171DA2A73600685A38 /* CSYourStickerMessageCell.xib */,
			);
			path = YourStickerMessageCell;
			sourceTree = "<group>";
		};
		13E017181DA2A73600685A38 /* YourTextMessageCell */ = {
			isa = PBXGroup;
			children = (
				13E017191DA2A73600685A38 /* CSYourTextMessageTableViewCell.h */,
				13E0171A1DA2A73600685A38 /* CSYourTextMessageTableViewCell.m */,
				13E0171B1DA2A73600685A38 /* CSYourTextMessageTableViewCell.xib */,
			);
			path = YourTextMessageCell;
			sourceTree = "<group>";
		};
		13E0171D1DA2A73600685A38 /* JSONModel */ = {
			isa = PBXGroup;
			children = (
				13E0171E1DA2A73600685A38 /* JSONValueTransformer+CustomTransformer.h */,
				13E0171F1DA2A73600685A38 /* JSONValueTransformer+CustomTransformer.m */,
			);
			path = JSONModel;
			sourceTree = "<group>";
		};
		13E017201DA2A73600685A38 /* Models */ = {
			isa = PBXGroup;
			children = (
				13E017211DA2A73600685A38 /* CSFileDetailsModel.h */,
				13E017221DA2A73600685A38 /* CSFileDetailsModel.m */,
				13E017231DA2A73600685A38 /* CSFileModel.h */,
				13E017241DA2A73600685A38 /* CSFileModel.m */,
				13E017251DA2A73600685A38 /* CSGetMessages.h */,
				13E017261DA2A73600685A38 /* CSGetMessages.m */,
				13E017271DA2A73600685A38 /* CSLocationModel.h */,
				13E017281DA2A73600685A38 /* CSLocationModel.m */,
				13E017291DA2A73600685A38 /* CSLoginResult.h */,
				13E0172A1DA2A73600685A38 /* CSLoginResult.m */,
				13E0172B1DA2A73600685A38 /* CSMessageModel.h */,
				13E0172C1DA2A73600685A38 /* CSMessageModel.m */,
				13E0172D1DA2A73600685A38 /* CSModel.h */,
				13E0172E1DA2A73600685A38 /* CSModel.m */,
				13E0172F1DA2A73600685A38 /* CSResponseModel.h */,
				13E017301DA2A73600685A38 /* CSResponseModel.m */,
				13E017311DA2A73600685A38 /* CSSeenByModel.h */,
				13E017321DA2A73600685A38 /* CSSeenByModel.m */,
				13E017331DA2A73600685A38 /* CSStickerListModel.h */,
				13E017341DA2A73600685A38 /* CSStickerListModel.m */,
				13E017351DA2A73600685A38 /* CSStickerModel.h */,
				13E017361DA2A73600685A38 /* CSStickerModel.m */,
				13E017371DA2A73600685A38 /* CSStickerPageModel.h */,
				13E017381DA2A73600685A38 /* CSStickerPageModel.m */,
				13E017391DA2A73600685A38 /* CSTypingModel.h */,
				13E0173A1DA2A73600685A38 /* CSTypingModel.m */,
				13E0173B1DA2A73600685A38 /* CSUserModel.h */,
				13E0173C1DA2A73600685A38 /* CSUserModel.m */,
			);
			path = Models;
			sourceTree = "<group>";
		};
		13E0173D1DA2A73600685A38 /* Resources */ = {
			isa = PBXGroup;
			children = (
				13E0173E1DA2A73600685A38 /* CSChatErrorCodes.strings */,
				13E017401DA2A73600685A38 /* CSChatLocalization.strings */,
			);
			path = Resources;
			sourceTree = "<group>";
		};
		13E017441DA2A73600685A38 /* Utils */ = {
			isa = PBXGroup;
			children = (
				13E017451DA2A73600685A38 /* CSApiManager.h */,
				13E017461DA2A73600685A38 /* CSApiManager.m */,
				13E017471DA2A73600685A38 /* CSAvatarLoader.h */,
				13E017481DA2A73600685A38 /* CSAvatarLoader.m */,
				13E017491DA2A73600685A38 /* CSChatErrorCodes.h */,
				13E0174A1DA2A73600685A38 /* CSChatErrorCodes.m */,
				13E0174B1DA2A73600685A38 /* CSConfig.h */,
				13E0174C1DA2A73600685A38 /* CSCustomConfig.h */,
				13E0174D1DA2A73600685A38 /* CSCustomConfig.m */,
				13E0174E1DA2A73600685A38 /* CSDownloadManager.h */,
				13E0174F1DA2A73600685A38 /* CSDownloadManager.m */,
				13E017501DA2A73600685A38 /* CSEmitJsonCreator.h */,
				13E017511DA2A73600685A38 /* CSEmitJsonCreator.m */,
				13E017521DA2A73600685A38 /* CSSocketController.h */,
				13E017531DA2A73600685A38 /* CSSocketController.m */,
				13E017541DA2A73600685A38 /* CSUploadManager.h */,
				13E017551DA2A73600685A38 /* CSUploadManager.m */,
				13E017561DA2A73600685A38 /* CSUtils.h */,
				13E017571DA2A73600685A38 /* CSUtils.m */,
			);
			path = Utils;
			sourceTree = "<group>";
		};
		13E017581DA2A73600685A38 /* ViewController */ = {
			isa = PBXGroup;
			children = (
				13E017591DA2A73600685A38 /* ChatViewController */,
				13E0175D1DA2A73600685A38 /* CSBaseViewController.h */,
				13E0175E1DA2A73600685A38 /* CSBaseViewController.m */,
				13E0175F1DA2A73600685A38 /* MapViewController */,
				13E017651DA2A73600685A38 /* MessageInfoViewController */,
				13E017691DA2A73600685A38 /* RecordAudioViewConstroller */,
				13E0176D1DA2A73600685A38 /* UploadImagePreviewViewController */,
				13E017711DA2A73600685A38 /* UploadVideoPreviewViewController */,
				13E017751DA2A73600685A38 /* UsersViewController */,
			);
			path = ViewController;
			sourceTree = "<group>";
		};
		13E017591DA2A73600685A38 /* ChatViewController */ = {
			isa = PBXGroup;
			children = (
				13E0175A1DA2A73600685A38 /* CSChatViewController.h */,
				13E0175B1DA2A73600685A38 /* CSChatViewController.m */,
				13E0175C1DA2A73600685A38 /* CSChatViewController.xib */,
			);
			path = ChatViewController;
			sourceTree = "<group>";
		};
		13E0175F1DA2A73600685A38 /* MapViewController */ = {
			isa = PBXGroup;
			children = (
				13E017601DA2A73600685A38 /* CSDisplayMap.h */,
				13E017611DA2A73600685A38 /* CSDisplayMap.m */,
				13E017621DA2A73600685A38 /* CSMapViewController.h */,
				13E017631DA2A73600685A38 /* CSMapViewController.m */,
				13E017641DA2A73600685A38 /* CSMapViewController.xib */,
			);
			path = MapViewController;
			sourceTree = "<group>";
		};
		13E017651DA2A73600685A38 /* MessageInfoViewController */ = {
			isa = PBXGroup;
			children = (
				13E017661DA2A73600685A38 /* CSMessageInfoViewController.h */,
				13E017671DA2A73600685A38 /* CSMessageInfoViewController.m */,
				13E017681DA2A73600685A38 /* CSMessageInfoViewController.xib */,
			);
			path = MessageInfoViewController;
			sourceTree = "<group>";
		};
		13E017691DA2A73600685A38 /* RecordAudioViewConstroller */ = {
			isa = PBXGroup;
			children = (
				13E0176A1DA2A73600685A38 /* CSRecordAudioViewController.h */,
				13E0176B1DA2A73600685A38 /* CSRecordAudioViewController.m */,
				13E0176C1DA2A73600685A38 /* CSRecordAudioViewController.xib */,
			);
			path = RecordAudioViewConstroller;
			sourceTree = "<group>";
		};
		13E0176D1DA2A73600685A38 /* UploadImagePreviewViewController */ = {
			isa = PBXGroup;
			children = (
				13E0176E1DA2A73600685A38 /* CSUploadImagePreviewViewController.h */,
				13E0176F1DA2A73600685A38 /* CSUploadImagePreviewViewController.m */,
				13E017701DA2A73600685A38 /* CSUploadImagePreviewViewController.xib */,
			);
			path = UploadImagePreviewViewController;
			sourceTree = "<group>";
		};
		13E017711DA2A73600685A38 /* UploadVideoPreviewViewController */ = {
			isa = PBXGroup;
			children = (
				13E017721DA2A73600685A38 /* CSUploadVideoPreviewViewController.h */,
				13E017731DA2A73600685A38 /* CSUploadVideoPreviewViewController.m */,
				13E017741DA2A73600685A38 /* CSUploadVideoPreviewViewController.xib */,
			);
			path = UploadVideoPreviewViewController;
			sourceTree = "<group>";
		};
		13E017751DA2A73600685A38 /* UsersViewController */ = {
			isa = PBXGroup;
			children = (
				13E017761DA2A73600685A38 /* CSUsersViewController.h */,
				13E017771DA2A73600685A38 /* CSUsersViewController.m */,
				13E017781DA2A73600685A38 /* CSUsersViewController.xib */,
			);
			path = UsersViewController;
			sourceTree = "<group>";
		};
		13E017791DA2A73600685A38 /* Views */ = {
			isa = PBXGroup;
			children = (
				13E0177A1DA2A73600685A38 /* AudioPlayerView */,
				13E0177E1DA2A73600685A38 /* AudioPreviewView */,
				13E017821DA2A73600685A38 /* AvatarView */,
				13E017861DA2A73600685A38 /* BasePreviewView */,
				13E017891DA2A73600685A38 /* ChatSettingsView */,
				13E0178E1DA2A73600685A38 /* CustomView */,
				13E017911DA2A73600685A38 /* ImagePreviewView */,
				13E017951DA2A73600685A38 /* MenuView */,
				13E0179A1DA2A73600685A38 /* NotificationOverlayView */,
				13E017A01DA2A73600685A38 /* ProgressLoadingView */,
				13E017A41DA2A73600685A38 /* ProgressUploadingView */,
				13E017A81DA2A73600685A38 /* StickerView */,
				13E017AD1DA2A73600685A38 /* TitleView */,
				13E017B01DA2A73600685A38 /* VideoPreviewView */,
			);
			path = Views;
			sourceTree = "<group>";
		};
		13E0177A1DA2A73600685A38 /* AudioPlayerView */ = {
			isa = PBXGroup;
			children = (
				13E0177B1DA2A73600685A38 /* SE2AudioPlayerView.h */,
				13E0177C1DA2A73600685A38 /* SE2AudioPlayerView.m */,
				13E0177D1DA2A73600685A38 /* SE2AudioPlayerView.xib */,
			);
			path = AudioPlayerView;
			sourceTree = "<group>";
		};
		13E0177E1DA2A73600685A38 /* AudioPreviewView */ = {
			isa = PBXGroup;
			children = (
				13E0177F1DA2A73600685A38 /* CSAudioPreviewView.h */,
				13E017801DA2A73600685A38 /* CSAudioPreviewView.m */,
				13E017811DA2A73600685A38 /* CSAudioPreviewView.xib */,
			);
			path = AudioPreviewView;
			sourceTree = "<group>";
		};
		13E017821DA2A73600685A38 /* AvatarView */ = {
			isa = PBXGroup;
			children = (
				13E017831DA2A73600685A38 /* CSAvatarView.h */,
				13E017841DA2A73600685A38 /* CSAvatarView.m */,
				13E017851DA2A73600685A38 /* CSAvatarView.xib */,
			);
			path = AvatarView;
			sourceTree = "<group>";
		};
		13E017861DA2A73600685A38 /* BasePreviewView */ = {
			isa = PBXGroup;
			children = (
				13E017871DA2A73600685A38 /* CSBasePreviewView.h */,
				13E017881DA2A73600685A38 /* CSBasePreviewView.m */,
			);
			path = BasePreviewView;
			sourceTree = "<group>";
		};
		13E017891DA2A73600685A38 /* ChatSettingsView */ = {
			isa = PBXGroup;
			children = (
				13E0178A1DA2A73600685A38 /* ChatSettingsViewDelegate.h */,
				13E0178B1DA2A73600685A38 /* CSChatSettingsView.h */,
				13E0178C1DA2A73600685A38 /* CSChatSettingsView.m */,
				13E0178D1DA2A73600685A38 /* CSChatSettingsView.xib */,
			);
			path = ChatSettingsView;
			sourceTree = "<group>";
		};
		13E0178E1DA2A73600685A38 /* CustomView */ = {
			isa = PBXGroup;
			children = (
				13E0178F1DA2A73600685A38 /* CSCustomView.h */,
				13E017901DA2A73600685A38 /* CSCustomView.m */,
			);
			path = CustomView;
			sourceTree = "<group>";
		};
		13E017911DA2A73600685A38 /* ImagePreviewView */ = {
			isa = PBXGroup;
			children = (
				13E017921DA2A73600685A38 /* CSImagePreviewView.h */,
				13E017931DA2A73600685A38 /* CSImagePreviewView.m */,
				13E017941DA2A73600685A38 /* CSImagePreviewView.xib */,
			);
			path = ImagePreviewView;
			sourceTree = "<group>";
		};
		13E017951DA2A73600685A38 /* MenuView */ = {
			isa = PBXGroup;
			children = (
				13E017961DA2A73600685A38 /* CSMenuView.h */,
				13E017971DA2A73600685A38 /* CSMenuView.m */,
				13E017981DA2A73600685A38 /* CSMenuView.xib */,
				13E017991DA2A73600685A38 /* CSMenuViewDelegate.h */,
			);
			path = MenuView;
			sourceTree = "<group>";
		};
		13E0179A1DA2A73600685A38 /* NotificationOverlayView */ = {
			isa = PBXGroup;
			children = (
				13E0179B1DA2A73600685A38 /* CSNotificationOverlayQueue.h */,
				13E0179C1DA2A73600685A38 /* CSNotificationOverlayQueue.m */,
				13E0179D1DA2A73600685A38 /* CSNotificationOverlayView.h */,
				13E0179E1DA2A73600685A38 /* CSNotificationOverlayView.m */,
				13E0179F1DA2A73600685A38 /* CSNotificationOverlayView.xib */,
			);
			path = NotificationOverlayView;
			sourceTree = "<group>";
		};
		13E017A01DA2A73600685A38 /* ProgressLoadingView */ = {
			isa = PBXGroup;
			children = (
				13E017A11DA2A73600685A38 /* CSProgressLoadingView.h */,
				13E017A21DA2A73600685A38 /* CSProgressLoadingView.m */,
				13E017A31DA2A73600685A38 /* CSProgressLoadingView.xib */,
			);
			path = ProgressLoadingView;
			sourceTree = "<group>";
		};
		13E017A41DA2A73600685A38 /* ProgressUploadingView */ = {
			isa = PBXGroup;
			children = (
				13E017A51DA2A73600685A38 /* CSProgressUploadingView.h */,
				13E017A61DA2A73600685A38 /* CSProgressUploadingView.m */,
				13E017A71DA2A73600685A38 /* CSProgressUploadingView.xib */,
			);
			path = ProgressUploadingView;
			sourceTree = "<group>";
		};
		13E017A81DA2A73600685A38 /* StickerView */ = {
			isa = PBXGroup;
			children = (
				13E017A91DA2A73600685A38 /* CSStickerDelegate.h */,
				13E017AA1DA2A73600685A38 /* CSStickerView.h */,
				13E017AB1DA2A73600685A38 /* CSStickerView.m */,
				13E017AC1DA2A73600685A38 /* CSStickerView.xib */,
			);
			path = StickerView;
			sourceTree = "<group>";
		};
		13E017AD1DA2A73600685A38 /* TitleView */ = {
			isa = PBXGroup;
			children = (
				13E017AE1DA2A73600685A38 /* CSTitleView.h */,
				13E017AF1DA2A73600685A38 /* CSTitleView.m */,
			);
			path = TitleView;
			sourceTree = "<group>";
		};
		13E017B01DA2A73600685A38 /* VideoPreviewView */ = {
			isa = PBXGroup;
			children = (
				13E017B11DA2A73600685A38 /* CSVideoPreviewView.h */,
				13E017B21DA2A73600685A38 /* CSVideoPreviewView.m */,
				13E017B31DA2A73600685A38 /* CSVideoPreviewView.xib */,
			);
			path = VideoPreviewView;
			sourceTree = "<group>";
		};
		D0F5EA1E90D17F6FC9327636 /* Frameworks */ = {
			isa = PBXGroup;
			children = (
				EFCBB65BD06F1EC50442AD9E /* libPods-StreetChat.a */,
			);
			name = Frameworks;
			sourceTree = "<group>";
		};
		F89A8C377878669CE9ACAAC1 /* Pods */ = {
			isa = PBXGroup;
			children = (
				D642C2A3223B80DE6FC4C8A9 /* Pods-StreetChat.debug.xcconfig */,
				1FD2ABF3AF65125F5463A704 /* Pods-StreetChat.release.xcconfig */,
			);
			name = Pods;
			sourceTree = "<group>";
		};
/* End PBXGroup section */

/* Begin PBXNativeTarget section */
		1397E1E71DA293BF00B61905 /* StreetChat */ = {
			isa = PBXNativeTarget;
			buildConfigurationList = 1397E1FF1DA293C000B61905 /* Build configuration list for PBXNativeTarget "StreetChat" */;
			buildPhases = (
				D71E0EC2704554C88A231B12 /* [CP] Check Pods Manifest.lock */,
				1397E1E41DA293BF00B61905 /* Sources */,
				1397E1E51DA293BF00B61905 /* Frameworks */,
				1397E1E61DA293BF00B61905 /* Resources */,
				D7B9E9E87B86171F0ED847DC /* [CP] Embed Pods Frameworks */,
				06F4B383972AA28AA09F966D /* [CP] Copy Pods Resources */,
			);
			buildRules = (
			);
			dependencies = (
			);
			name = StreetChat;
			productName = StreetChat;
			productReference = 1397E1E81DA293C000B61905 /* StreetChat.app */;
			productType = "com.apple.product-type.application";
		};
/* End PBXNativeTarget section */

/* Begin PBXProject section */
		1397E1E01DA293BF00B61905 /* Project object */ = {
			isa = PBXProject;
			attributes = {
				LastUpgradeCheck = 0800;
				ORGANIZATIONNAME = "local-c.com";
				TargetAttributes = {
					1397E1E71DA293BF00B61905 = {
						CreatedOnToolsVersion = 8.0;
						ProvisioningStyle = Automatic;
					};
				};
			};
			buildConfigurationList = 1397E1E31DA293BF00B61905 /* Build configuration list for PBXProject "StreetChat" */;
			compatibilityVersion = "Xcode 3.2";
			developmentRegion = English;
			hasScannedForEncodings = 0;
			knownRegions = (
				en,
				Base,
				hr,
			);
			mainGroup = 1397E1DF1DA293BF00B61905;
			productRefGroup = 1397E1E91DA293C000B61905 /* Products */;
			projectDirPath = "";
			projectRoot = "";
			targets = (
				1397E1E71DA293BF00B61905 /* StreetChat */,
			);
		};
/* End PBXProject section */

/* Begin PBXResourcesBuildPhase section */
		1397E1E61DA293BF00B61905 /* Resources */ = {
			isa = PBXResourcesBuildPhase;
			buildActionMask = 2147483647;
			files = (
				13E017C61DA2A73600685A38 /* CSUserInfoTableViewCell.xib in Resources */,
				13E017F31DA2A73700685A38 /* CSMessageInfoViewController.xib in Resources */,
				13E017B81DA2A73600685A38 /* CSMyMediaMessageTableViewCell.xib in Resources */,
				13E017C01DA2A73600685A38 /* CSStickerCategoryCollectionViewCell.xib in Resources */,
				13E018121DA2A73700685A38 /* CSStickerView.xib in Resources */,
				13E017C21DA2A73600685A38 /* CSStickerCollectionViewCell.xib in Resources */,
				13E017BE1DA2A73600685A38 /* CSSeenByTableViewCell.xib in Resources */,
				13E018091DA2A73700685A38 /* CSMenuView.xib in Resources */,
				13E018041DA2A73700685A38 /* CSChatSettingsView.xib in Resources */,
				13E017E21DA2A73600685A38 /* CSChatLocalization.strings in Resources */,
				13E017FF1DA2A73700685A38 /* CSAudioPreviewView.xib in Resources */,
				13E0180C1DA2A73700685A38 /* CSNotificationOverlayView.xib in Resources */,
				1397E1FB1DA293C000B61905 /* LaunchScreen.storyboard in Resources */,
				13E018011DA2A73700685A38 /* CSAvatarView.xib in Resources */,
				13E018101DA2A73700685A38 /* CSProgressUploadingView.xib in Resources */,
				13E017F11DA2A73700685A38 /* CSMapViewController.xib in Resources */,
				13E017CC1DA2A73600685A38 /* CSYourMediaMessageTableViewCell.xib in Resources */,
				13E017F91DA2A73700685A38 /* CSUploadVideoPreviewViewController.xib in Resources */,
				13E017BC1DA2A73600685A38 /* CSMyTextMessageTableViewCell.xib in Resources */,
				13E0180E1DA2A73700685A38 /* CSProgressLoadingView.xib in Resources */,
				1397E1F81DA293C000B61905 /* Assets.xcassets in Resources */,
				13E017D11DA2A73600685A38 /* Images.xcassets in Resources */,
				1397E1F61DA293C000B61905 /* Main.storyboard in Resources */,
				13E017ED1DA2A73700685A38 /* CSChatViewController.xib in Resources */,
				13E017B61DA2A73600685A38 /* CSMyImageMessageTableViewCell.xib in Resources */,
				13E017C41DA2A73600685A38 /* CSStickerPageCollectionViewCell.xib in Resources */,
				13E017F71DA2A73700685A38 /* CSUploadImagePreviewViewController.xib in Resources */,
				13E017E11DA2A73600685A38 /* CSChatErrorCodes.strings in Resources */,
				13E017CE1DA2A73600685A38 /* CSYourStickerMessageCell.xib in Resources */,
				13E017C81DA2A73600685A38 /* CSUsersTableViewCell.xib in Resources */,
				13E017FB1DA2A73700685A38 /* CSUsersViewController.xib in Resources */,
				13E017FD1DA2A73700685A38 /* SE2AudioPlayerView.xib in Resources */,
				13E017D01DA2A73600685A38 /* CSYourTextMessageTableViewCell.xib in Resources */,
				13E018151DA2A73700685A38 /* CSVideoPreviewView.xib in Resources */,
				13E017CA1DA2A73600685A38 /* CSYourImageMessageTableViewCell.xib in Resources */,
				13E018071DA2A73700685A38 /* CSImagePreviewView.xib in Resources */,
				13E017F51DA2A73700685A38 /* CSRecordAudioViewController.xib in Resources */,
				13E017BA1DA2A73600685A38 /* CSMyStickerMessageCell.xib in Resources */,
			);
			runOnlyForDeploymentPostprocessing = 0;
		};
/* End PBXResourcesBuildPhase section */

/* Begin PBXShellScriptBuildPhase section */
		06F4B383972AA28AA09F966D /* [CP] Copy Pods Resources */ = {
			isa = PBXShellScriptBuildPhase;
			buildActionMask = 2147483647;
			files = (
			);
			inputPaths = (
			);
			name = "[CP] Copy Pods Resources";
			outputPaths = (
			);
			runOnlyForDeploymentPostprocessing = 0;
			shellPath = /bin/sh;
			shellScript = "\"${SRCROOT}/Pods/Target Support Files/Pods-StreetChat/Pods-StreetChat-resources.sh\"\n";
			showEnvVarsInLog = 0;
		};
		D71E0EC2704554C88A231B12 /* [CP] Check Pods Manifest.lock */ = {
			isa = PBXShellScriptBuildPhase;
			buildActionMask = 2147483647;
			files = (
			);
			inputPaths = (
			);
			name = "[CP] Check Pods Manifest.lock";
			outputPaths = (
			);
			runOnlyForDeploymentPostprocessing = 0;
			shellPath = /bin/sh;
			shellScript = "diff \"${PODS_ROOT}/../Podfile.lock\" \"${PODS_ROOT}/Manifest.lock\" > /dev/null\nif [[ $? != 0 ]] ; then\n    cat << EOM\nerror: The sandbox is not in sync with the Podfile.lock. Run 'pod install' or update your CocoaPods installation.\nEOM\n    exit 1\nfi\n";
			showEnvVarsInLog = 0;
		};
		D7B9E9E87B86171F0ED847DC /* [CP] Embed Pods Frameworks */ = {
			isa = PBXShellScriptBuildPhase;
			buildActionMask = 2147483647;
			files = (
			);
			inputPaths = (
			);
			name = "[CP] Embed Pods Frameworks";
			outputPaths = (
			);
			runOnlyForDeploymentPostprocessing = 0;
			shellPath = /bin/sh;
			shellScript = "\"${SRCROOT}/Pods/Target Support Files/Pods-StreetChat/Pods-StreetChat-frameworks.sh\"\n";
			showEnvVarsInLog = 0;
		};
/* End PBXShellScriptBuildPhase section */

/* Begin PBXSourcesBuildPhase section */
		1397E1E41DA293BF00B61905 /* Sources */ = {
			isa = PBXSourcesBuildPhase;
			buildActionMask = 2147483647;
			files = (
				13E017D71DA2A73600685A38 /* CSLoginResult.m in Sources */,
				13E017EC1DA2A73700685A38 /* CSChatViewController.m in Sources */,
				13E0180D1DA2A73700685A38 /* CSProgressLoadingView.m in Sources */,
				13E017B51DA2A73600685A38 /* CSMyImageMessageTableViewCell.m in Sources */,
				13E017FC1DA2A73700685A38 /* SE2AudioPlayerView.m in Sources */,
				13E017F21DA2A73700685A38 /* CSMessageInfoViewController.m in Sources */,
				13E017E31DA2A73600685A38 /* CSApiManager.m in Sources */,
				13E017CD1DA2A73600685A38 /* CSYourStickerMessageCell.m in Sources */,
				13E017B41DA2A73600685A38 /* CSBaseTableViewCell.m in Sources */,
				13E017BF1DA2A73600685A38 /* CSStickerCategoryCollectionViewCell.m in Sources */,
				13E017F61DA2A73700685A38 /* CSUploadImagePreviewViewController.m in Sources */,
				13E017BB1DA2A73600685A38 /* CSMyTextMessageTableViewCell.m in Sources */,
				13E017E51DA2A73600685A38 /* CSChatErrorCodes.m in Sources */,
				13E0180F1DA2A73700685A38 /* CSProgressUploadingView.m in Sources */,
				13E017EA1DA2A73600685A38 /* CSUploadManager.m in Sources */,
				13E017FE1DA2A73700685A38 /* CSAudioPreviewView.m in Sources */,
				13E017B91DA2A73600685A38 /* CSMyStickerMessageCell.m in Sources */,
				13E017C31DA2A73600685A38 /* CSStickerPageCollectionViewCell.m in Sources */,
				13E017C71DA2A73600685A38 /* CSUsersTableViewCell.m in Sources */,
				13E018031DA2A73700685A38 /* CSChatSettingsView.m in Sources */,
				13E017C91DA2A73600685A38 /* CSYourImageMessageTableViewCell.m in Sources */,
				13E017F81DA2A73700685A38 /* CSUploadVideoPreviewViewController.m in Sources */,
				13E017C51DA2A73600685A38 /* CSUserInfoTableViewCell.m in Sources */,
				13E018141DA2A73700685A38 /* CSVideoPreviewView.m in Sources */,
				13E017D41DA2A73600685A38 /* CSFileModel.m in Sources */,
				13E017DF1DA2A73600685A38 /* CSTypingModel.m in Sources */,
				13E017D81DA2A73600685A38 /* CSMessageModel.m in Sources */,
				13E017D91DA2A73600685A38 /* CSModel.m in Sources */,
				13E017CF1DA2A73600685A38 /* CSYourTextMessageTableViewCell.m in Sources */,
				13E017B71DA2A73600685A38 /* CSMyMediaMessageTableViewCell.m in Sources */,
				13E017E01DA2A73600685A38 /* CSUserModel.m in Sources */,
				13E017D21DA2A73600685A38 /* JSONValueTransformer+CustomTransformer.m in Sources */,
				13E017E81DA2A73600685A38 /* CSEmitJsonCreator.m in Sources */,
				13E017D61DA2A73600685A38 /* CSLocationModel.m in Sources */,
				13E0180A1DA2A73700685A38 /* CSNotificationOverlayQueue.m in Sources */,
				13E018131DA2A73700685A38 /* CSTitleView.m in Sources */,
				13E017D51DA2A73600685A38 /* CSGetMessages.m in Sources */,
				13E017DB1DA2A73600685A38 /* CSSeenByModel.m in Sources */,
				13E018021DA2A73700685A38 /* CSBasePreviewView.m in Sources */,
				13E0180B1DA2A73700685A38 /* CSNotificationOverlayView.m in Sources */,
				13E017EF1DA2A73700685A38 /* CSDisplayMap.m in Sources */,
				13E018001DA2A73700685A38 /* CSAvatarView.m in Sources */,
				13E018051DA2A73700685A38 /* CSCustomView.m in Sources */,
				13E017E41DA2A73600685A38 /* CSAvatarLoader.m in Sources */,
				13E017E71DA2A73600685A38 /* CSDownloadManager.m in Sources */,
				13E017EE1DA2A73700685A38 /* CSBaseViewController.m in Sources */,
				13E017BD1DA2A73600685A38 /* CSSeenByTableViewCell.m in Sources */,
				13E018061DA2A73700685A38 /* CSImagePreviewView.m in Sources */,
				13E017DA1DA2A73600685A38 /* CSResponseModel.m in Sources */,
				13E017F01DA2A73700685A38 /* CSMapViewController.m in Sources */,
				13E018111DA2A73700685A38 /* CSStickerView.m in Sources */,
				13E017DC1DA2A73600685A38 /* CSStickerListModel.m in Sources */,
				13E017DE1DA2A73600685A38 /* CSStickerPageModel.m in Sources */,
				13E017E61DA2A73600685A38 /* CSCustomConfig.m in Sources */,
				13E017FA1DA2A73700685A38 /* CSUsersViewController.m in Sources */,
				13E017DD1DA2A73600685A38 /* CSStickerModel.m in Sources */,
				13E017CB1DA2A73600685A38 /* CSYourMediaMessageTableViewCell.m in Sources */,
				13E018081DA2A73700685A38 /* CSMenuView.m in Sources */,
				13E017E91DA2A73600685A38 /* CSSocketController.m in Sources */,
				1397E1F31DA293C000B61905 /* ViewController.m in Sources */,
				13E017D31DA2A73600685A38 /* CSFileDetailsModel.m in Sources */,
				1397E1F01DA293C000B61905 /* AppDelegate.m in Sources */,
				1397E1ED1DA293C000B61905 /* main.m in Sources */,
				13E017C11DA2A73600685A38 /* CSStickerCollectionViewCell.m in Sources */,
				13E017F41DA2A73700685A38 /* CSRecordAudioViewController.m in Sources */,
				13E017EB1DA2A73700685A38 /* CSUtils.m in Sources */,
			);
			runOnlyForDeploymentPostprocessing = 0;
		};
/* End PBXSourcesBuildPhase section */

/* Begin PBXVariantGroup section */
		1397E1F41DA293C000B61905 /* Main.storyboard */ = {
			isa = PBXVariantGroup;
			children = (
				1397E1F51DA293C000B61905 /* Base */,
			);
			name = Main.storyboard;
			sourceTree = "<group>";
		};
		1397E1F91DA293C000B61905 /* LaunchScreen.storyboard */ = {
			isa = PBXVariantGroup;
			children = (
				1397E1FA1DA293C000B61905 /* Base */,
			);
			name = LaunchScreen.storyboard;
			sourceTree = "<group>";
		};
		13E0173E1DA2A73600685A38 /* CSChatErrorCodes.strings */ = {
			isa = PBXVariantGroup;
			children = (
				13E0173F1DA2A73600685A38 /* en */,
				13E017421DA2A73600685A38 /* hr */,
			);
			name = CSChatErrorCodes.strings;
			sourceTree = "<group>";
		};
		13E017401DA2A73600685A38 /* CSChatLocalization.strings */ = {
			isa = PBXVariantGroup;
			children = (
				13E017411DA2A73600685A38 /* en */,
				13E017431DA2A73600685A38 /* hr */,
			);
			name = CSChatLocalization.strings;
			sourceTree = "<group>";
		};
/* End PBXVariantGroup section */

/* Begin XCBuildConfiguration section */
		1397E1FD1DA293C000B61905 /* Debug */ = {
			isa = XCBuildConfiguration;
			buildSettings = {
				ALWAYS_SEARCH_USER_PATHS = NO;
				CLANG_ANALYZER_NONNULL = YES;
				CLANG_CXX_LANGUAGE_STANDARD = "gnu++0x";
				CLANG_CXX_LIBRARY = "libc++";
				CLANG_ENABLE_MODULES = YES;
				CLANG_ENABLE_OBJC_ARC = YES;
				CLANG_WARN_BOOL_CONVERSION = YES;
				CLANG_WARN_CONSTANT_CONVERSION = YES;
				CLANG_WARN_DIRECT_OBJC_ISA_USAGE = YES_ERROR;
				CLANG_WARN_DOCUMENTATION_COMMENTS = YES;
				CLANG_WARN_EMPTY_BODY = YES;
				CLANG_WARN_ENUM_CONVERSION = YES;
				CLANG_WARN_INFINITE_RECURSION = YES;
				CLANG_WARN_INT_CONVERSION = YES;
				CLANG_WARN_OBJC_ROOT_CLASS = YES_ERROR;
				CLANG_WARN_SUSPICIOUS_MOVES = YES;
				CLANG_WARN_UNREACHABLE_CODE = YES;
				CLANG_WARN__DUPLICATE_METHOD_MATCH = YES;
				"CODE_SIGN_IDENTITY[sdk=iphoneos*]" = "iPhone Developer";
				COPY_PHASE_STRIP = NO;
				DEBUG_INFORMATION_FORMAT = dwarf;
				ENABLE_STRICT_OBJC_MSGSEND = YES;
				ENABLE_TESTABILITY = YES;
				GCC_C_LANGUAGE_STANDARD = gnu99;
				GCC_DYNAMIC_NO_PIC = NO;
				GCC_NO_COMMON_BLOCKS = YES;
				GCC_OPTIMIZATION_LEVEL = 0;
				GCC_PREPROCESSOR_DEFINITIONS = (
					"DEBUG=1",
					"$(inherited)",
				);
				GCC_WARN_64_TO_32_BIT_CONVERSION = YES;
				GCC_WARN_ABOUT_RETURN_TYPE = YES_ERROR;
				GCC_WARN_UNDECLARED_SELECTOR = YES;
				GCC_WARN_UNINITIALIZED_AUTOS = YES_AGGRESSIVE;
				GCC_WARN_UNUSED_FUNCTION = YES;
				GCC_WARN_UNUSED_VARIABLE = YES;
				IPHONEOS_DEPLOYMENT_TARGET = 10.0;
				MTL_ENABLE_DEBUG_INFO = YES;
				ONLY_ACTIVE_ARCH = YES;
				SDKROOT = iphoneos;
				TARGETED_DEVICE_FAMILY = "1,2";
			};
			name = Debug;
		};
		1397E1FE1DA293C000B61905 /* Release */ = {
			isa = XCBuildConfiguration;
			buildSettings = {
				ALWAYS_SEARCH_USER_PATHS = NO;
				CLANG_ANALYZER_NONNULL = YES;
				CLANG_CXX_LANGUAGE_STANDARD = "gnu++0x";
				CLANG_CXX_LIBRARY = "libc++";
				CLANG_ENABLE_MODULES = YES;
				CLANG_ENABLE_OBJC_ARC = YES;
				CLANG_WARN_BOOL_CONVERSION = YES;
				CLANG_WARN_CONSTANT_CONVERSION = YES;
				CLANG_WARN_DIRECT_OBJC_ISA_USAGE = YES_ERROR;
				CLANG_WARN_DOCUMENTATION_COMMENTS = YES;
				CLANG_WARN_EMPTY_BODY = YES;
				CLANG_WARN_ENUM_CONVERSION = YES;
				CLANG_WARN_INFINITE_RECURSION = YES;
				CLANG_WARN_INT_CONVERSION = YES;
				CLANG_WARN_OBJC_ROOT_CLASS = YES_ERROR;
				CLANG_WARN_SUSPICIOUS_MOVES = YES;
				CLANG_WARN_UNREACHABLE_CODE = YES;
				CLANG_WARN__DUPLICATE_METHOD_MATCH = YES;
				"CODE_SIGN_IDENTITY[sdk=iphoneos*]" = "iPhone Developer";
				COPY_PHASE_STRIP = NO;
				DEBUG_INFORMATION_FORMAT = "dwarf-with-dsym";
				ENABLE_NS_ASSERTIONS = NO;
				ENABLE_STRICT_OBJC_MSGSEND = YES;
				GCC_C_LANGUAGE_STANDARD = gnu99;
				GCC_NO_COMMON_BLOCKS = YES;
				GCC_WARN_64_TO_32_BIT_CONVERSION = YES;
				GCC_WARN_ABOUT_RETURN_TYPE = YES_ERROR;
				GCC_WARN_UNDECLARED_SELECTOR = YES;
				GCC_WARN_UNINITIALIZED_AUTOS = YES_AGGRESSIVE;
				GCC_WARN_UNUSED_FUNCTION = YES;
				GCC_WARN_UNUSED_VARIABLE = YES;
				IPHONEOS_DEPLOYMENT_TARGET = 10.0;
				MTL_ENABLE_DEBUG_INFO = NO;
				SDKROOT = iphoneos;
				TARGETED_DEVICE_FAMILY = "1,2";
				VALIDATE_PRODUCT = YES;
			};
			name = Release;
		};
		1397E2001DA293C000B61905 /* Debug */ = {
			isa = XCBuildConfiguration;
			baseConfigurationReference = D642C2A3223B80DE6FC4C8A9 /* Pods-StreetChat.debug.xcconfig */;
			buildSettings = {
				ASSETCATALOG_COMPILER_APPICON_NAME = AppIcon;
				INFOPLIST_FILE = StreetChat/Info.plist;
				LD_RUNPATH_SEARCH_PATHS = "$(inherited) @executable_path/Frameworks";
				PRODUCT_BUNDLE_IDENTIFIER = com.local.c.StreetChat;
				PRODUCT_NAME = "$(TARGET_NAME)";
			};
			name = Debug;
		};
		1397E2011DA293C000B61905 /* Release */ = {
			isa = XCBuildConfiguration;
			baseConfigurationReference = 1FD2ABF3AF65125F5463A704 /* Pods-StreetChat.release.xcconfig */;
			buildSettings = {
				ASSETCATALOG_COMPILER_APPICON_NAME = AppIcon;
				INFOPLIST_FILE = StreetChat/Info.plist;
				LD_RUNPATH_SEARCH_PATHS = "$(inherited) @executable_path/Frameworks";
				PRODUCT_BUNDLE_IDENTIFIER = com.local.c.StreetChat;
				PRODUCT_NAME = "$(TARGET_NAME)";
			};
			name = Release;
		};
/* End XCBuildConfiguration section */

/* Begin XCConfigurationList section */
		1397E1E31DA293BF00B61905 /* Build configuration list for PBXProject "StreetChat" */ = {
			isa = XCConfigurationList;
			buildConfigurations = (
				1397E1FD1DA293C000B61905 /* Debug */,
				1397E1FE1DA293C000B61905 /* Release */,
			);
			defaultConfigurationIsVisible = 0;
			defaultConfigurationName = Release;
		};
		1397E1FF1DA293C000B61905 /* Build configuration list for PBXNativeTarget "StreetChat" */ = {
			isa = XCConfigurationList;
			buildConfigurations = (
				1397E2001DA293C000B61905 /* Debug */,
				1397E2011DA293C000B61905 /* Release */,
			);
			defaultConfigurationIsVisible = 0;
			defaultConfigurationName = Release;
		};
/* End XCConfigurationList section */
	};
	rootObject = 1397E1E01DA293BF00B61905 /* Project object */;
}
